// !$*UTF8*$!
{
	archiveVersion = 1;
	classes = {
	};
	objectVersion = 50;
	objects = {

/* Begin PBXBuildFile section */
		00166354520C72E30335F27A /* Pods_Artoo.framework in Frameworks */ = {isa = PBXBuildFile; fileRef = 9239F0F8427ACC87974BCC36 /* Pods_Artoo.framework */; };
		5D03B89421E480F200D9122C /* FilterDataDelegate.swift in Sources */ = {isa = PBXBuildFile; fileRef = 5D03B89321E480F200D9122C /* FilterDataDelegate.swift */; };
		5D0C9FDB21E4096B009D2D68 /* filterService.swift in Sources */ = {isa = PBXBuildFile; fileRef = 5D0C9FDA21E4096B009D2D68 /* filterService.swift */; };
		5D39551921E72CB2008C2813 /* CheckLikeService.swift in Sources */ = {isa = PBXBuildFile; fileRef = 5D39551821E72CB2008C2813 /* CheckLikeService.swift */; };
		5D39551B21E72EBA008C2813 /* ArtWorkLike.swift in Sources */ = {isa = PBXBuildFile; fileRef = 5D39551A21E72EBA008C2813 /* ArtWorkLike.swift */; };
		5D3C387121E4B985005CF329 /* Comments.swift in Sources */ = {isa = PBXBuildFile; fileRef = 5D3C387021E4B985005CF329 /* Comments.swift */; };
		5D3C387321E4BA06005CF329 /* AllCommentsService.swift in Sources */ = {isa = PBXBuildFile; fileRef = 5D3C387221E4BA06005CF329 /* AllCommentsService.swift */; };
		5D3C387521E4BCE3005CF329 /* CheckCommentsService.swift in Sources */ = {isa = PBXBuildFile; fileRef = 5D3C387421E4BCE3005CF329 /* CheckCommentsService.swift */; };
		5D3DA6AF21DDE65B005239F8 /* SellVC.swift in Sources */ = {isa = PBXBuildFile; fileRef = 5D3DA6AE21DDE65B005239F8 /* SellVC.swift */; };
		5D3DA6B521DDE8F6005239F8 /* buyerInfo.swift in Sources */ = {isa = PBXBuildFile; fileRef = 5D3DA6B421DDE8F6005239F8 /* buyerInfo.swift */; };
		5D3DA6BD21DDF5C5005239F8 /* AlarmExhibitVC.swift in Sources */ = {isa = PBXBuildFile; fileRef = 5D3DA6BC21DDF5C5005239F8 /* AlarmExhibitVC.swift */; };
		5D3DA6BF21DDF5EC005239F8 /* AlarmExhibitCell.swift in Sources */ = {isa = PBXBuildFile; fileRef = 5D3DA6BE21DDF5EC005239F8 /* AlarmExhibitCell.swift */; };
		5D3DA6C121DDF610005239F8 /* exhibitInfo.swift in Sources */ = {isa = PBXBuildFile; fileRef = 5D3DA6C021DDF610005239F8 /* exhibitInfo.swift */; };
		5D3DA6C321DE1122005239F8 /* BuyInfo.swift in Sources */ = {isa = PBXBuildFile; fileRef = 5D3DA6C221DE1122005239F8 /* BuyInfo.swift */; };
		5D3DA6C521DE1129005239F8 /* saleInfo.swift in Sources */ = {isa = PBXBuildFile; fileRef = 5D3DA6C421DE1129005239F8 /* saleInfo.swift */; };
		5D3DA6C721DEE3BA005239F8 /* reviewNotice.swift in Sources */ = {isa = PBXBuildFile; fileRef = 5D3DA6C621DEE3BA005239F8 /* reviewNotice.swift */; };
		5D3DA6C921DEE3D2005239F8 /* refundNoticeVC.swift in Sources */ = {isa = PBXBuildFile; fileRef = 5D3DA6C821DEE3D2005239F8 /* refundNoticeVC.swift */; };
		5D3DA6CB21DEE409005239F8 /* transactionCancelNoticeVC.swift in Sources */ = {isa = PBXBuildFile; fileRef = 5D3DA6CA21DEE408005239F8 /* transactionCancelNoticeVC.swift */; };
		5D3DA6CD21DEE421005239F8 /* exhibitCancelNoticeVC.swift in Sources */ = {isa = PBXBuildFile; fileRef = 5D3DA6CC21DEE421005239F8 /* exhibitCancelNoticeVC.swift */; };
		5D3F66D021E50F2100EC979A /* CommentsTableCell.swift in Sources */ = {isa = PBXBuildFile; fileRef = 5D3F66CF21E50F2100EC979A /* CommentsTableCell.swift */; };
		5D40F9FD21DD24F600636890 /* PurchaseVC.swift in Sources */ = {isa = PBXBuildFile; fileRef = 5D40F9FC21DD24F600636890 /* PurchaseVC.swift */; };
		5D40F9FF21DD252700636890 /* sellFirstCell.swift in Sources */ = {isa = PBXBuildFile; fileRef = 5D40F9FE21DD252700636890 /* sellFirstCell.swift */; };
		5D40FA0121DD253C00636890 /* sellSecondCell.swift in Sources */ = {isa = PBXBuildFile; fileRef = 5D40FA0021DD253C00636890 /* sellSecondCell.swift */; };
		5D40FA0321DD38C200636890 /* BuyItemInfo.swift in Sources */ = {isa = PBXBuildFile; fileRef = 5D40FA0221DD38C200636890 /* BuyItemInfo.swift */; };
		5D40FA0521DD391E00636890 /* sellerInfo.swift in Sources */ = {isa = PBXBuildFile; fileRef = 5D40FA0421DD391E00636890 /* sellerInfo.swift */; };
		5D4607D821D3976600C787AC /* FilterViewController.swift in Sources */ = {isa = PBXBuildFile; fileRef = 5D4607D721D3976600C787AC /* FilterViewController.swift */; };
		5D4607DA21D4892000C787AC /* AllImageCell.swift in Sources */ = {isa = PBXBuildFile; fileRef = 5D4607D921D4892000C787AC /* AllImageCell.swift */; };
		5D49021D21E3067400D661C4 /* buyItemBuyerInfo.swift in Sources */ = {isa = PBXBuildFile; fileRef = 5D49021C21E3067400D661C4 /* buyItemBuyerInfo.swift */; };
		5D49021F21E3656100D661C4 /* uploadCommentService.swift in Sources */ = {isa = PBXBuildFile; fileRef = 5D49021E21E3656100D661C4 /* uploadCommentService.swift */; };
		5D5488D121E2C67D00EFDD2F /* BuyService.swift in Sources */ = {isa = PBXBuildFile; fileRef = 5D5488D021E2C67D00EFDD2F /* BuyService.swift */; };
		5D5488D321E2C91400EFDD2F /* CheckBuyItemService.swift in Sources */ = {isa = PBXBuildFile; fileRef = 5D5488D221E2C91400EFDD2F /* CheckBuyItemService.swift */; };
		5D79DF7321DB7483007AE800 /* NotifyUploadVC.swift in Sources */ = {isa = PBXBuildFile; fileRef = 5D79DF7221DB7483007AE800 /* NotifyUploadVC.swift */; };
		5D79DF7521DB7509007AE800 /* UploadMainVC.swift in Sources */ = {isa = PBXBuildFile; fileRef = 5D79DF7421DB7509007AE800 /* UploadMainVC.swift */; };
		5D9B7D7221D6AB2A009C12D3 /* BigImageVC.swift in Sources */ = {isa = PBXBuildFile; fileRef = 5D9B7D7121D6AB2A009C12D3 /* BigImageVC.swift */; };
		5D9B7D7A21D83933009C12D3 /* DealVC.swift in Sources */ = {isa = PBXBuildFile; fileRef = 5D9B7D7921D83933009C12D3 /* DealVC.swift */; };
		5D9B7D7E21D83978009C12D3 /* DirectVC.swift in Sources */ = {isa = PBXBuildFile; fileRef = 5D9B7D7D21D83978009C12D3 /* DirectVC.swift */; };
		5D9B7D8021D886EA009C12D3 /* MyPageMainVC.swift in Sources */ = {isa = PBXBuildFile; fileRef = 5D9B7D7F21D886EA009C12D3 /* MyPageMainVC.swift */; };
		5D9B7D8221D8A94D009C12D3 /* MyPageArtVC.swift in Sources */ = {isa = PBXBuildFile; fileRef = 5D9B7D8121D8A94D009C12D3 /* MyPageArtVC.swift */; };
		5D9B7D8421D8A970009C12D3 /* MyPageStoreVC.swift in Sources */ = {isa = PBXBuildFile; fileRef = 5D9B7D8321D8A970009C12D3 /* MyPageStoreVC.swift */; };
		5D9B7D8621D8A98C009C12D3 /* MyPageBuyVC.swift in Sources */ = {isa = PBXBuildFile; fileRef = 5D9B7D8521D8A98C009C12D3 /* MyPageBuyVC.swift */; };
		5D9B7D8821D8A9A6009C12D3 /* MyPageReviewVC.swift in Sources */ = {isa = PBXBuildFile; fileRef = 5D9B7D8721D8A9A6009C12D3 /* MyPageReviewVC.swift */; };
		5D9B7D8A21D8A9D0009C12D3 /* NoArtVC.swift in Sources */ = {isa = PBXBuildFile; fileRef = 5D9B7D8921D8A9CF009C12D3 /* NoArtVC.swift */; };
		5D9B7D8C21D8A9EA009C12D3 /* MyArtVC.swift in Sources */ = {isa = PBXBuildFile; fileRef = 5D9B7D8B21D8A9EA009C12D3 /* MyArtVC.swift */; };
		5D9B7D8E21D8BE26009C12D3 /* ArtPhoto.swift in Sources */ = {isa = PBXBuildFile; fileRef = 5D9B7D8D21D8BE26009C12D3 /* ArtPhoto.swift */; };
		5D9B7D9421D8C2D9009C12D3 /* MyPagePinterLayout.swift in Sources */ = {isa = PBXBuildFile; fileRef = 5D9B7D9321D8C2D9009C12D3 /* MyPagePinterLayout.swift */; };
		5D9E582621DF993E008225F6 /* reviewData.swift in Sources */ = {isa = PBXBuildFile; fileRef = 5D9E582521DF993E008225F6 /* reviewData.swift */; };
		5D9E582821DF9977008225F6 /* MyPageStoreCell.swift in Sources */ = {isa = PBXBuildFile; fileRef = 5D9E582721DF9977008225F6 /* MyPageStoreCell.swift */; };
		5D9E582A21DF99B3008225F6 /* MyPageReviewCell.swift in Sources */ = {isa = PBXBuildFile; fileRef = 5D9E582921DF99B3008225F6 /* MyPageReviewCell.swift */; };
		5D9E582C21DF9E88008225F6 /* StoreArtPhoto.swift in Sources */ = {isa = PBXBuildFile; fileRef = 5D9E582B21DF9E88008225F6 /* StoreArtPhoto.swift */; };
		5DA412C121DC73EF009EDAB3 /* tagUploadVC.swift in Sources */ = {isa = PBXBuildFile; fileRef = 5DA412C021DC73EF009EDAB3 /* tagUploadVC.swift */; };
		5DA600D721DAF71500472FD1 /* BuyItem.swift in Sources */ = {isa = PBXBuildFile; fileRef = 5DA600D621DAF71500472FD1 /* BuyItem.swift */; };
		5DA600D921DAF9F700472FD1 /* BuyItemCell.swift in Sources */ = {isa = PBXBuildFile; fileRef = 5DA600D821DAF9F700472FD1 /* BuyItemCell.swift */; };
		5DB4138A21DF06E800576883 /* SettingMainVC.swift in Sources */ = {isa = PBXBuildFile; fileRef = 5DB4138921DF06E800576883 /* SettingMainVC.swift */; };
		5DB4138C21DF070100576883 /* SettingMainCell.swift in Sources */ = {isa = PBXBuildFile; fileRef = 5DB4138B21DF070100576883 /* SettingMainCell.swift */; };
		5DB4138E21DF071900576883 /* MyInfoVC.swift in Sources */ = {isa = PBXBuildFile; fileRef = 5DB4138D21DF071900576883 /* MyInfoVC.swift */; };
		5DB4139021DF073000576883 /* MyInfoCell.swift in Sources */ = {isa = PBXBuildFile; fileRef = 5DB4138F21DF073000576883 /* MyInfoCell.swift */; };
		5DB4139221DF074400576883 /* LogoutVC.swift in Sources */ = {isa = PBXBuildFile; fileRef = 5DB4139121DF074400576883 /* LogoutVC.swift */; };
		5DB4139421DF075E00576883 /* UsingVC.swift in Sources */ = {isa = PBXBuildFile; fileRef = 5DB4139321DF075E00576883 /* UsingVC.swift */; };
		5DB4139621DF076E00576883 /* ProtectionVC.swift in Sources */ = {isa = PBXBuildFile; fileRef = 5DB4139521DF076E00576883 /* ProtectionVC.swift */; };
		5DB4139821DF0AB600576883 /* Setting.swift in Sources */ = {isa = PBXBuildFile; fileRef = 5DB4139721DF0AB600576883 /* Setting.swift */; };
		5DB4139E21DF10E000576883 /* MyInfo.swift in Sources */ = {isa = PBXBuildFile; fileRef = 5DB4139D21DF10E000576883 /* MyInfo.swift */; };
		5DB413A021DF189300576883 /* QnaVC.swift in Sources */ = {isa = PBXBuildFile; fileRef = 5DB4139F21DF189300576883 /* QnaVC.swift */; };
		5DB413A221DF18AA00576883 /* QnaCell.swift in Sources */ = {isa = PBXBuildFile; fileRef = 5DB413A121DF18AA00576883 /* QnaCell.swift */; };
		5DB606CE21D4C41B00C216FD /* Pinterest.swift in Sources */ = {isa = PBXBuildFile; fileRef = 5DB606CD21D4C41B00C216FD /* Pinterest.swift */; };
		5DB606D221D4FF3600C216FD /* ArtImg.swift in Sources */ = {isa = PBXBuildFile; fileRef = 5DB606D121D4FF3600C216FD /* ArtImg.swift */; };
		5DB606D421D5286900C216FD /* BuyVC.swift in Sources */ = {isa = PBXBuildFile; fileRef = 5DB606D321D5286900C216FD /* BuyVC.swift */; };
		5DB606D621D55CB400C216FD /* Filter.swift in Sources */ = {isa = PBXBuildFile; fileRef = 5DB606D521D55CB400C216FD /* Filter.swift */; };
		5DC570FC21E5524A00229F2F /* DeleteCommentService.swift in Sources */ = {isa = PBXBuildFile; fileRef = 5DC570FB21E5524A00229F2F /* DeleteCommentService.swift */; };
		5DC6F0DF21DFDB34002C8DBE /* UserDescriptionService.swift in Sources */ = {isa = PBXBuildFile; fileRef = 5DC6F0DE21DFDB34002C8DBE /* UserDescriptionService.swift */; };
		5DC6F0E121E09424002C8DBE /* UserModifyService.swift in Sources */ = {isa = PBXBuildFile; fileRef = 5DC6F0E021E09424002C8DBE /* UserModifyService.swift */; };
		5DC6F0E321E09FE2002C8DBE /* CheckartWorksService.swift in Sources */ = {isa = PBXBuildFile; fileRef = 5DC6F0E221E09FE2002C8DBE /* CheckartWorksService.swift */; };
		5DCC9FF021DCC37900F960A0 /* MultiNotifyVC.swift in Sources */ = {isa = PBXBuildFile; fileRef = 5DCC9FEF21DCC37900F960A0 /* MultiNotifyVC.swift */; };
		5DE48B7821E121DF00FAD631 /* ArtDescriptionService.swift in Sources */ = {isa = PBXBuildFile; fileRef = 5DE48B7721E121DF00FAD631 /* ArtDescriptionService.swift */; };
		5DE48B7A21E1391800FAD631 /* ArtImage.swift in Sources */ = {isa = PBXBuildFile; fileRef = 5DE48B7921E1391800FAD631 /* ArtImage.swift */; };
		5DEC42CE21D901A7003F75B5 /* All_ArtVC.swift in Sources */ = {isa = PBXBuildFile; fileRef = 5DEC42CD21D901A7003F75B5 /* All_ArtVC.swift */; };
		5DEC42D021D901C8003F75B5 /* DeliveryVC.swift in Sources */ = {isa = PBXBuildFile; fileRef = 5DEC42CF21D901C8003F75B5 /* DeliveryVC.swift */; };
		5DEC434E21D9F937003F75B5 /* MyPageImgStoreVC.swift in Sources */ = {isa = PBXBuildFile; fileRef = 5DEC434D21D9F937003F75B5 /* MyPageImgStoreVC.swift */; };
		5DEC435021D9F9F7003F75B5 /* MyPageImgCell.swift in Sources */ = {isa = PBXBuildFile; fileRef = 5DEC434F21D9F9F7003F75B5 /* MyPageImgCell.swift */; };
		A30048DB21CE4FC30042C4EF /* TodayAuthorCell.swift in Sources */ = {isa = PBXBuildFile; fileRef = A30048DA21CE4FC30042C4EF /* TodayAuthorCell.swift */; };
		A30048DD21CE4FDD0042C4EF /* TodayWorkCell.swift in Sources */ = {isa = PBXBuildFile; fileRef = A30048DC21CE4FDD0042C4EF /* TodayWorkCell.swift */; };
		A30048DF21CE50960042C4EF /* HomeTodayVC.swift in Sources */ = {isa = PBXBuildFile; fileRef = A30048DE21CE50960042C4EF /* HomeTodayVC.swift */; };
		A30048E121CE50B40042C4EF /* HomeThemeVC.swift in Sources */ = {isa = PBXBuildFile; fileRef = A30048E021CE50B40042C4EF /* HomeThemeVC.swift */; };
		A30048E321CE50CD0042C4EF /* HomeMainVC.swift in Sources */ = {isa = PBXBuildFile; fileRef = A30048E221CE50CD0042C4EF /* HomeMainVC.swift */; };
		A30048E521CE54EE0042C4EF /* Storyboard.swift in Sources */ = {isa = PBXBuildFile; fileRef = A30048E421CE54EE0042C4EF /* Storyboard.swift */; };
		A30048E721CE57F10042C4EF /* Extension.swift in Sources */ = {isa = PBXBuildFile; fileRef = A30048E621CE57F10042C4EF /* Extension.swift */; };
		A30048EC21CE63370042C4EF /* Today.swift in Sources */ = {isa = PBXBuildFile; fileRef = A30048EB21CE63370042C4EF /* Today.swift */; };
		A30048EE21CE63400042C4EF /* TodayWork.swift in Sources */ = {isa = PBXBuildFile; fileRef = A30048ED21CE63400042C4EF /* TodayWork.swift */; };
		A32BCF8F21E5BEB700D08C60 /* HomeSeriesCell2.swift in Sources */ = {isa = PBXBuildFile; fileRef = A32BCF8E21E5BEB700D08C60 /* HomeSeriesCell2.swift */; };
		A32BCF9121E5C65300D08C60 /* TodayArtooDetailVC.swift in Sources */ = {isa = PBXBuildFile; fileRef = A32BCF9021E5C65300D08C60 /* TodayArtooDetailVC.swift */; };
		A34B447F21D7280F00991321 /* LoginVC.swift in Sources */ = {isa = PBXBuildFile; fileRef = A34B447E21D7280F00991321 /* LoginVC.swift */; };
		A34B448121D72EF200991321 /* ExhibitSeeCell.swift in Sources */ = {isa = PBXBuildFile; fileRef = A34B448021D72EF200991321 /* ExhibitSeeCell.swift */; };
		A34DFD0721DDAFD100CEDA74 /* ExhibitMainService.swift in Sources */ = {isa = PBXBuildFile; fileRef = A34DFD0621DDAFD100CEDA74 /* ExhibitMainService.swift */; };
		A34DFD0921DDDCEA00CEDA74 /* ExhibitApplyService.swift in Sources */ = {isa = PBXBuildFile; fileRef = A34DFD0821DDDCEA00CEDA74 /* ExhibitApplyService.swift */; };
		A34DFD0B21DDE43B00CEDA74 /* ArtWork.swift in Sources */ = {isa = PBXBuildFile; fileRef = A34DFD0A21DDE43B00CEDA74 /* ArtWork.swift */; };
		A350ADD021D501EF00EC199E /* ThemeDetail.swift in Sources */ = {isa = PBXBuildFile; fileRef = A350ADCF21D501EF00EC199E /* ThemeDetail.swift */; };
		A350ADD621D52BC700EC199E /* ExhibitApply.swift in Sources */ = {isa = PBXBuildFile; fileRef = A350ADD521D52BC700EC199E /* ExhibitApply.swift */; };
		A350ADD821D52BCD00EC199E /* ExhibitSee.swift in Sources */ = {isa = PBXBuildFile; fileRef = A350ADD721D52BCD00EC199E /* ExhibitSee.swift */; };
		A350ADDA21D532BC00EC199E /* ExhibitApplyVC.swift in Sources */ = {isa = PBXBuildFile; fileRef = A350ADD921D532BC00EC199E /* ExhibitApplyVC.swift */; };
		A350ADDC21D532E600EC199E /* ExhibitSeeVC.swift in Sources */ = {isa = PBXBuildFile; fileRef = A350ADDB21D532E600EC199E /* ExhibitSeeVC.swift */; };
		A350ADE221D55D1C00EC199E /* ExhibitApplyCell.swift in Sources */ = {isa = PBXBuildFile; fileRef = A350ADE121D55D1C00EC199E /* ExhibitApplyCell.swift */; };
		A350ADE421D55D4B00EC199E /* ExhibitWorkCell.swift in Sources */ = {isa = PBXBuildFile; fileRef = A350ADE321D55D4B00EC199E /* ExhibitWorkCell.swift */; };
		A3559EC921E61B9800A7A31B /* SellThirdCell.swift in Sources */ = {isa = PBXBuildFile; fileRef = A3559EC821E61B9800A7A31B /* SellThirdCell.swift */; };
		A3559ECB21E6200300A7A31B /* AlarmBuyService.swift in Sources */ = {isa = PBXBuildFile; fileRef = A3559ECA21E6200300A7A31B /* AlarmBuyService.swift */; };
		A3699B4721DB526B00EC3A8D /* APIManager.swift in Sources */ = {isa = PBXBuildFile; fileRef = A3699B4621DB526B00EC3A8D /* APIManager.swift */; };
		A3699B4921DB52FF00EC3A8D /* Requestable.swift in Sources */ = {isa = PBXBuildFile; fileRef = A3699B4821DB52FF00EC3A8D /* Requestable.swift */; };
		A3699B4B21DB532800EC3A8D /* HomeTodayService.swift in Sources */ = {isa = PBXBuildFile; fileRef = A3699B4A21DB532800EC3A8D /* HomeTodayService.swift */; };
		A3699B4D21DB53A900EC3A8D /* ResponseArray.swift in Sources */ = {isa = PBXBuildFile; fileRef = A3699B4C21DB53A900EC3A8D /* ResponseArray.swift */; };
		A3699B4F21DB53B700EC3A8D /* ResponseObject.swift in Sources */ = {isa = PBXBuildFile; fileRef = A3699B4E21DB53B700EC3A8D /* ResponseObject.swift */; };
		A3699B5121DB53E800EC3A8D /* NetworkResult.swift in Sources */ = {isa = PBXBuildFile; fileRef = A3699B5021DB53E800EC3A8D /* NetworkResult.swift */; };
		A3699B5321DB54B000EC3A8D /* Token.swift in Sources */ = {isa = PBXBuildFile; fileRef = A3699B5221DB54B000EC3A8D /* Token.swift */; };
		A3699B5521DB55AB00EC3A8D /* SignService.swift in Sources */ = {isa = PBXBuildFile; fileRef = A3699B5421DB55AB00EC3A8D /* SignService.swift */; };
		A3699B5721DB55B400EC3A8D /* LoginService.swift in Sources */ = {isa = PBXBuildFile; fileRef = A3699B5621DB55B400EC3A8D /* LoginService.swift */; };
		A3699B5921DB5DE500EC3A8D /* SignVC.swift in Sources */ = {isa = PBXBuildFile; fileRef = A3699B5821DB5DE500EC3A8D /* SignVC.swift */; };
		A3699B5B21DB5E5200EC3A8D /* SignVC2.swift in Sources */ = {isa = PBXBuildFile; fileRef = A3699B5A21DB5E5200EC3A8D /* SignVC2.swift */; };
		A3699B5D21DB5E5E00EC3A8D /* SignVC3.swift in Sources */ = {isa = PBXBuildFile; fileRef = A3699B5C21DB5E5E00EC3A8D /* SignVC3.swift */; };
		A36D46B921D884FE00B45FC1 /* NotoSansCJKkr-Black.otf in Resources */ = {isa = PBXBuildFile; fileRef = A36D46B221D8836700B45FC1 /* NotoSansCJKkr-Black.otf */; };
		A36D46BA21D8850100B45FC1 /* NotoSansCJKkr-Bold.otf in Resources */ = {isa = PBXBuildFile; fileRef = A36D46B621D8836900B45FC1 /* NotoSansCJKkr-Bold.otf */; };
		A36D46BB21D8850400B45FC1 /* NotoSansCJKkr-DemiLight.otf in Resources */ = {isa = PBXBuildFile; fileRef = A36D46B321D8836700B45FC1 /* NotoSansCJKkr-DemiLight.otf */; };
		A36D46BC21D8850600B45FC1 /* NotoSansCJKkr-Light.otf in Resources */ = {isa = PBXBuildFile; fileRef = A36D46B121D8836600B45FC1 /* NotoSansCJKkr-Light.otf */; };
		A36D46BD21D8850900B45FC1 /* NotoSansCJKkr-Medium.otf in Resources */ = {isa = PBXBuildFile; fileRef = A36D46B821D8836B00B45FC1 /* NotoSansCJKkr-Medium.otf */; };
		A36D46BE21D8850B00B45FC1 /* NotoSansCJKkr-Regular.otf in Resources */ = {isa = PBXBuildFile; fileRef = A36D46B521D8836900B45FC1 /* NotoSansCJKkr-Regular.otf */; };
		A36D46BF21D8850E00B45FC1 /* NotoSansCJKkr-Thin.otf in Resources */ = {isa = PBXBuildFile; fileRef = A36D46B021D8836600B45FC1 /* NotoSansCJKkr-Thin.otf */; };
		A36D46C021D8851000B45FC1 /* NotoSansMonoCJKkr-Bold.otf in Resources */ = {isa = PBXBuildFile; fileRef = A36D46B721D8836A00B45FC1 /* NotoSansMonoCJKkr-Bold.otf */; };
		A36D46C121D8851300B45FC1 /* NotoSansMonoCJKkr-Regular.otf in Resources */ = {isa = PBXBuildFile; fileRef = A36D46B421D8836800B45FC1 /* NotoSansMonoCJKkr-Regular.otf */; };
		A3783A3D21D669B80057884D /* TagCell.swift in Sources */ = {isa = PBXBuildFile; fileRef = A3783A3C21D669B80057884D /* TagCell.swift */; };
		A3783A3F21D66A960057884D /* ThemeCell.swift in Sources */ = {isa = PBXBuildFile; fileRef = A3783A3E21D66A960057884D /* ThemeCell.swift */; };
		A3783A4121D66CCD0057884D /* RecommandCell.swift in Sources */ = {isa = PBXBuildFile; fileRef = A3783A4021D66CCD0057884D /* RecommandCell.swift */; };
		A3866D6D21E475CD00CE3C94 /* ApplySuccessVC.swift in Sources */ = {isa = PBXBuildFile; fileRef = A3866D6C21E475CD00CE3C94 /* ApplySuccessVC.swift */; };
		A3866D6F21E475D700CE3C94 /* ApplyFailVC.swift in Sources */ = {isa = PBXBuildFile; fileRef = A3866D6E21E475D700CE3C94 /* ApplyFailVC.swift */; };
		A3866D7121E4773400CE3C94 /* ExhibitGoApplyService.swift in Sources */ = {isa = PBXBuildFile; fileRef = A3866D7021E4773400CE3C94 /* ExhibitGoApplyService.swift */; };
		A3866D7321E477B000CE3C94 /* ExhibitGoApply.swift in Sources */ = {isa = PBXBuildFile; fileRef = A3866D7221E477B000CE3C94 /* ExhibitGoApply.swift */; };
		A392416C21DC89F900371E77 /* HomeThemeService.swift in Sources */ = {isa = PBXBuildFile; fileRef = A392416B21DC89F900371E77 /* HomeThemeService.swift */; };
		A392416E21DCB40C00371E77 /* ThemeDetailService.swift in Sources */ = {isa = PBXBuildFile; fileRef = A392416D21DCB40C00371E77 /* ThemeDetailService.swift */; };
		A3AD880921E7163500AEE977 /* SellCell.swift in Sources */ = {isa = PBXBuildFile; fileRef = A3AD880821E7163500AEE977 /* SellCell.swift */; };
		A3AD880B21E717C000AEE977 /* AlarmSellService.swift in Sources */ = {isa = PBXBuildFile; fileRef = A3AD880A21E717C000AEE977 /* AlarmSellService.swift */; };
		A3AD880D21E728B400AEE977 /* AlarmExhibitService.swift in Sources */ = {isa = PBXBuildFile; fileRef = A3AD880C21E728B400AEE977 /* AlarmExhibitService.swift */; };
		A3AD880F21E728CF00AEE977 /* ExhibitAlarm.swift in Sources */ = {isa = PBXBuildFile; fileRef = A3AD880E21E728CF00AEE977 /* ExhibitAlarm.swift */; };
		A3AF370821E121600013DD5E /* AuthorCellDelegate.swift in Sources */ = {isa = PBXBuildFile; fileRef = A3AF370721E121600013DD5E /* AuthorCellDelegate.swift */; };
		A3BE837621DF66B400206154 /* ExhibitSeeService.swift in Sources */ = {isa = PBXBuildFile; fileRef = A3BE837521DF66B400206154 /* ExhibitSeeService.swift */; };
		A3BE837821DFD47E00206154 /* HomeSeriesCell.swift in Sources */ = {isa = PBXBuildFile; fileRef = A3BE837721DFD47E00206154 /* HomeSeriesCell.swift */; };
		A3C4CD1021D3B43E009086AA /* ExhibitEnterVC.swift in Sources */ = {isa = PBXBuildFile; fileRef = A3C4CD0F21D3B43E009086AA /* ExhibitEnterVC.swift */; };
		A3CEF94E21CE2421000C7938 /* AppDelegate.swift in Sources */ = {isa = PBXBuildFile; fileRef = A3CEF94D21CE2421000C7938 /* AppDelegate.swift */; };
		A3CEF95321CE2422000C7938 /* Main.storyboard in Resources */ = {isa = PBXBuildFile; fileRef = A3CEF95121CE2422000C7938 /* Main.storyboard */; };
		A3CEF95521CE2423000C7938 /* Assets.xcassets in Resources */ = {isa = PBXBuildFile; fileRef = A3CEF95421CE2423000C7938 /* Assets.xcassets */; };
		A3CEF95821CE2423000C7938 /* LaunchScreen.storyboard in Resources */ = {isa = PBXBuildFile; fileRef = A3CEF95621CE2423000C7938 /* LaunchScreen.storyboard */; };
		A3CEF96021CE2A0A000C7938 /* Home.storyboard in Resources */ = {isa = PBXBuildFile; fileRef = A3CEF95F21CE2A0A000C7938 /* Home.storyboard */; };
		A3CEF96221CE2A5D000C7938 /* Art.storyboard in Resources */ = {isa = PBXBuildFile; fileRef = A3CEF96121CE2A5D000C7938 /* Art.storyboard */; };
		A3CEF96421CE2A6A000C7938 /* Mypage.storyboard in Resources */ = {isa = PBXBuildFile; fileRef = A3CEF96321CE2A6A000C7938 /* Mypage.storyboard */; };
		A3CEF96621CE2A78000C7938 /* Exhibit.storyboard in Resources */ = {isa = PBXBuildFile; fileRef = A3CEF96521CE2A78000C7938 /* Exhibit.storyboard */; };
		A3D5067321D0FC7800BB6E4C /* ThemeDetailCell.swift in Sources */ = {isa = PBXBuildFile; fileRef = A3D5067221D0FC7800BB6E4C /* ThemeDetailCell.swift */; };
		A3D8BBF421D8EE0800EF249C /* RadioBtnDelegate.swift in Sources */ = {isa = PBXBuildFile; fileRef = A3D8BBF321D8EE0800EF249C /* RadioBtnDelegate.swift */; };
		A3FCBAA621D1F1F200CB8E51 /* ExhibitVC.swift in Sources */ = {isa = PBXBuildFile; fileRef = A3FCBAA521D1F1F200CB8E51 /* ExhibitVC.swift */; };
		A3FCBAA821D2085400CB8E51 /* ExhibitCell.swift in Sources */ = {isa = PBXBuildFile; fileRef = A3FCBAA721D2085400CB8E51 /* ExhibitCell.swift */; };
		A3FCBAAA21D20CF200CB8E51 /* Exhibit.swift in Sources */ = {isa = PBXBuildFile; fileRef = A3FCBAA921D20CF200CB8E51 /* Exhibit.swift */; };
		A3FE1B1421CF706C0073F40F /* Theme.swift in Sources */ = {isa = PBXBuildFile; fileRef = A3FE1B1321CF706C0073F40F /* Theme.swift */; };
		A3FE1B1621CF73760073F40F /* ThemeWork.swift in Sources */ = {isa = PBXBuildFile; fileRef = A3FE1B1521CF73760073F40F /* ThemeWork.swift */; };
		A3FE1B1821CF801F0073F40F /* ThemeDetailVC.swift in Sources */ = {isa = PBXBuildFile; fileRef = A3FE1B1721CF801F0073F40F /* ThemeDetailVC.swift */; };
/* End PBXBuildFile section */

/* Begin PBXFileReference section */
		5D03B89321E480F200D9122C /* FilterDataDelegate.swift */ = {isa = PBXFileReference; lastKnownFileType = sourcecode.swift; path = FilterDataDelegate.swift; sourceTree = "<group>"; };
		5D0C9FDA21E4096B009D2D68 /* filterService.swift */ = {isa = PBXFileReference; lastKnownFileType = sourcecode.swift; path = filterService.swift; sourceTree = "<group>"; };
		5D39551821E72CB2008C2813 /* CheckLikeService.swift */ = {isa = PBXFileReference; lastKnownFileType = sourcecode.swift; path = CheckLikeService.swift; sourceTree = "<group>"; };
		5D39551A21E72EBA008C2813 /* ArtWorkLike.swift */ = {isa = PBXFileReference; lastKnownFileType = sourcecode.swift; path = ArtWorkLike.swift; sourceTree = "<group>"; };
		5D3C387021E4B985005CF329 /* Comments.swift */ = {isa = PBXFileReference; lastKnownFileType = sourcecode.swift; path = Comments.swift; sourceTree = "<group>"; };
		5D3C387221E4BA06005CF329 /* AllCommentsService.swift */ = {isa = PBXFileReference; lastKnownFileType = sourcecode.swift; path = AllCommentsService.swift; sourceTree = "<group>"; };
		5D3C387421E4BCE3005CF329 /* CheckCommentsService.swift */ = {isa = PBXFileReference; lastKnownFileType = sourcecode.swift; path = CheckCommentsService.swift; sourceTree = "<group>"; };
		5D3DA6AE21DDE65B005239F8 /* SellVC.swift */ = {isa = PBXFileReference; lastKnownFileType = sourcecode.swift; name = SellVC.swift; path = Artoo/VC/Mypage/SellVC.swift; sourceTree = SOURCE_ROOT; };
		5D3DA6B421DDE8F6005239F8 /* buyerInfo.swift */ = {isa = PBXFileReference; lastKnownFileType = sourcecode.swift; path = buyerInfo.swift; sourceTree = "<group>"; };
		5D3DA6BC21DDF5C5005239F8 /* AlarmExhibitVC.swift */ = {isa = PBXFileReference; lastKnownFileType = sourcecode.swift; name = AlarmExhibitVC.swift; path = Artoo/VC/Mypage/AlarmExhibitVC.swift; sourceTree = SOURCE_ROOT; };
		5D3DA6BE21DDF5EC005239F8 /* AlarmExhibitCell.swift */ = {isa = PBXFileReference; lastKnownFileType = sourcecode.swift; name = AlarmExhibitCell.swift; path = Artoo/VC/Mypage/AlarmExhibitCell.swift; sourceTree = SOURCE_ROOT; };
		5D3DA6C021DDF610005239F8 /* exhibitInfo.swift */ = {isa = PBXFileReference; lastKnownFileType = sourcecode.swift; path = exhibitInfo.swift; sourceTree = "<group>"; };
		5D3DA6C221DE1122005239F8 /* BuyInfo.swift */ = {isa = PBXFileReference; lastKnownFileType = sourcecode.swift; path = BuyInfo.swift; sourceTree = "<group>"; };
		5D3DA6C421DE1129005239F8 /* saleInfo.swift */ = {isa = PBXFileReference; lastKnownFileType = sourcecode.swift; path = saleInfo.swift; sourceTree = "<group>"; };
		5D3DA6C621DEE3BA005239F8 /* reviewNotice.swift */ = {isa = PBXFileReference; lastKnownFileType = sourcecode.swift; name = reviewNotice.swift; path = Artoo/VC/Mypage/reviewNotice.swift; sourceTree = SOURCE_ROOT; };
		5D3DA6C821DEE3D2005239F8 /* refundNoticeVC.swift */ = {isa = PBXFileReference; lastKnownFileType = sourcecode.swift; name = refundNoticeVC.swift; path = Artoo/VC/Mypage/refundNoticeVC.swift; sourceTree = SOURCE_ROOT; };
		5D3DA6CA21DEE408005239F8 /* transactionCancelNoticeVC.swift */ = {isa = PBXFileReference; lastKnownFileType = sourcecode.swift; name = transactionCancelNoticeVC.swift; path = Artoo/VC/Mypage/transactionCancelNoticeVC.swift; sourceTree = SOURCE_ROOT; };
		5D3DA6CC21DEE421005239F8 /* exhibitCancelNoticeVC.swift */ = {isa = PBXFileReference; lastKnownFileType = sourcecode.swift; name = exhibitCancelNoticeVC.swift; path = Artoo/VC/Mypage/exhibitCancelNoticeVC.swift; sourceTree = SOURCE_ROOT; };
		5D3F66CF21E50F2100EC979A /* CommentsTableCell.swift */ = {isa = PBXFileReference; lastKnownFileType = sourcecode.swift; path = CommentsTableCell.swift; sourceTree = "<group>"; };
		5D40F9FC21DD24F600636890 /* PurchaseVC.swift */ = {isa = PBXFileReference; lastKnownFileType = sourcecode.swift; name = PurchaseVC.swift; path = Artoo/VC/Mypage/PurchaseVC.swift; sourceTree = SOURCE_ROOT; };
		5D40F9FE21DD252700636890 /* sellFirstCell.swift */ = {isa = PBXFileReference; lastKnownFileType = sourcecode.swift; name = sellFirstCell.swift; path = Artoo/VC/Mypage/sellFirstCell.swift; sourceTree = SOURCE_ROOT; };
		5D40FA0021DD253C00636890 /* sellSecondCell.swift */ = {isa = PBXFileReference; lastKnownFileType = sourcecode.swift; name = sellSecondCell.swift; path = Artoo/VC/Mypage/sellSecondCell.swift; sourceTree = SOURCE_ROOT; };
		5D40FA0221DD38C200636890 /* BuyItemInfo.swift */ = {isa = PBXFileReference; lastKnownFileType = sourcecode.swift; name = BuyItemInfo.swift; path = Artoo/Util/Model/BuyItemInfo.swift; sourceTree = SOURCE_ROOT; };
		5D40FA0421DD391E00636890 /* sellerInfo.swift */ = {isa = PBXFileReference; lastKnownFileType = sourcecode.swift; name = sellerInfo.swift; path = Artoo/Util/Model/sellerInfo.swift; sourceTree = SOURCE_ROOT; };
		5D4607D721D3976600C787AC /* FilterViewController.swift */ = {isa = PBXFileReference; lastKnownFileType = sourcecode.swift; name = FilterViewController.swift; path = Artoo/VC/Art/FilterViewController.swift; sourceTree = SOURCE_ROOT; };
		5D4607D921D4892000C787AC /* AllImageCell.swift */ = {isa = PBXFileReference; lastKnownFileType = sourcecode.swift; name = AllImageCell.swift; path = Artoo/VC/Art/AllImageCell.swift; sourceTree = SOURCE_ROOT; };
		5D49021C21E3067400D661C4 /* buyItemBuyerInfo.swift */ = {isa = PBXFileReference; lastKnownFileType = sourcecode.swift; path = buyItemBuyerInfo.swift; sourceTree = "<group>"; };
		5D49021E21E3656100D661C4 /* uploadCommentService.swift */ = {isa = PBXFileReference; lastKnownFileType = sourcecode.swift; path = uploadCommentService.swift; sourceTree = "<group>"; };
		5D5488D021E2C67D00EFDD2F /* BuyService.swift */ = {isa = PBXFileReference; lastKnownFileType = sourcecode.swift; path = BuyService.swift; sourceTree = "<group>"; };
		5D5488D221E2C91400EFDD2F /* CheckBuyItemService.swift */ = {isa = PBXFileReference; lastKnownFileType = sourcecode.swift; path = CheckBuyItemService.swift; sourceTree = "<group>"; };
		5D79DF7221DB7483007AE800 /* NotifyUploadVC.swift */ = {isa = PBXFileReference; lastKnownFileType = sourcecode.swift; name = NotifyUploadVC.swift; path = Artoo/VC/Mypage/NotifyUploadVC.swift; sourceTree = SOURCE_ROOT; };
		5D79DF7421DB7509007AE800 /* UploadMainVC.swift */ = {isa = PBXFileReference; lastKnownFileType = sourcecode.swift; name = UploadMainVC.swift; path = Artoo/VC/Mypage/UploadMainVC.swift; sourceTree = SOURCE_ROOT; };
		5D9B7D7121D6AB2A009C12D3 /* BigImageVC.swift */ = {isa = PBXFileReference; lastKnownFileType = sourcecode.swift; name = BigImageVC.swift; path = Artoo/VC/Art/BigImageVC.swift; sourceTree = SOURCE_ROOT; };
		5D9B7D7921D83933009C12D3 /* DealVC.swift */ = {isa = PBXFileReference; lastKnownFileType = sourcecode.swift; name = DealVC.swift; path = Artoo/VC/Art/DealVC.swift; sourceTree = SOURCE_ROOT; };
		5D9B7D7D21D83978009C12D3 /* DirectVC.swift */ = {isa = PBXFileReference; lastKnownFileType = sourcecode.swift; name = DirectVC.swift; path = Artoo/VC/Art/DirectVC.swift; sourceTree = SOURCE_ROOT; };
		5D9B7D7F21D886EA009C12D3 /* MyPageMainVC.swift */ = {isa = PBXFileReference; lastKnownFileType = sourcecode.swift; name = MyPageMainVC.swift; path = Artoo/VC/Mypage/MyPageMainVC.swift; sourceTree = SOURCE_ROOT; };
		5D9B7D8121D8A94D009C12D3 /* MyPageArtVC.swift */ = {isa = PBXFileReference; lastKnownFileType = sourcecode.swift; name = MyPageArtVC.swift; path = Artoo/VC/Mypage/MyPageArtVC.swift; sourceTree = SOURCE_ROOT; };
		5D9B7D8321D8A970009C12D3 /* MyPageStoreVC.swift */ = {isa = PBXFileReference; lastKnownFileType = sourcecode.swift; name = MyPageStoreVC.swift; path = Artoo/VC/Mypage/MyPageStoreVC.swift; sourceTree = SOURCE_ROOT; };
		5D9B7D8521D8A98C009C12D3 /* MyPageBuyVC.swift */ = {isa = PBXFileReference; lastKnownFileType = sourcecode.swift; name = MyPageBuyVC.swift; path = Artoo/VC/Mypage/MyPageBuyVC.swift; sourceTree = SOURCE_ROOT; };
		5D9B7D8721D8A9A6009C12D3 /* MyPageReviewVC.swift */ = {isa = PBXFileReference; lastKnownFileType = sourcecode.swift; name = MyPageReviewVC.swift; path = Artoo/VC/Mypage/MyPageReviewVC.swift; sourceTree = SOURCE_ROOT; };
		5D9B7D8921D8A9CF009C12D3 /* NoArtVC.swift */ = {isa = PBXFileReference; lastKnownFileType = sourcecode.swift; name = NoArtVC.swift; path = Artoo/VC/Mypage/NoArtVC.swift; sourceTree = SOURCE_ROOT; };
		5D9B7D8B21D8A9EA009C12D3 /* MyArtVC.swift */ = {isa = PBXFileReference; lastKnownFileType = sourcecode.swift; name = MyArtVC.swift; path = Artoo/VC/Mypage/MyArtVC.swift; sourceTree = SOURCE_ROOT; };
		5D9B7D8D21D8BE26009C12D3 /* ArtPhoto.swift */ = {isa = PBXFileReference; lastKnownFileType = sourcecode.swift; name = ArtPhoto.swift; path = Artoo/Util/Model/ArtPhoto.swift; sourceTree = SOURCE_ROOT; };
		5D9B7D9321D8C2D9009C12D3 /* MyPagePinterLayout.swift */ = {isa = PBXFileReference; lastKnownFileType = sourcecode.swift; name = MyPagePinterLayout.swift; path = Artoo/VC/Mypage/MyPagePinterLayout.swift; sourceTree = SOURCE_ROOT; };
		5D9E582521DF993E008225F6 /* reviewData.swift */ = {isa = PBXFileReference; lastKnownFileType = sourcecode.swift; name = reviewData.swift; path = Artoo/Util/Model/reviewData.swift; sourceTree = SOURCE_ROOT; };
		5D9E582721DF9977008225F6 /* MyPageStoreCell.swift */ = {isa = PBXFileReference; lastKnownFileType = sourcecode.swift; name = MyPageStoreCell.swift; path = Artoo/VC/Mypage/MyPageStoreCell.swift; sourceTree = SOURCE_ROOT; };
		5D9E582921DF99B3008225F6 /* MyPageReviewCell.swift */ = {isa = PBXFileReference; lastKnownFileType = sourcecode.swift; name = MyPageReviewCell.swift; path = Artoo/VC/Mypage/MyPageReviewCell.swift; sourceTree = SOURCE_ROOT; };
		5D9E582B21DF9E88008225F6 /* StoreArtPhoto.swift */ = {isa = PBXFileReference; lastKnownFileType = sourcecode.swift; name = StoreArtPhoto.swift; path = Artoo/Util/Model/StoreArtPhoto.swift; sourceTree = SOURCE_ROOT; };
		5DA412C021DC73EF009EDAB3 /* tagUploadVC.swift */ = {isa = PBXFileReference; lastKnownFileType = sourcecode.swift; name = tagUploadVC.swift; path = Artoo/VC/Mypage/tagUploadVC.swift; sourceTree = SOURCE_ROOT; };
		5DA600D621DAF71500472FD1 /* BuyItem.swift */ = {isa = PBXFileReference; lastKnownFileType = sourcecode.swift; name = BuyItem.swift; path = Artoo/Util/Model/BuyItem.swift; sourceTree = SOURCE_ROOT; };
		5DA600D821DAF9F700472FD1 /* BuyItemCell.swift */ = {isa = PBXFileReference; lastKnownFileType = sourcecode.swift; name = BuyItemCell.swift; path = Artoo/VC/Mypage/BuyItemCell.swift; sourceTree = SOURCE_ROOT; };
		5DB4138921DF06E800576883 /* SettingMainVC.swift */ = {isa = PBXFileReference; lastKnownFileType = sourcecode.swift; name = SettingMainVC.swift; path = Artoo/VC/Mypage/SettingMainVC.swift; sourceTree = SOURCE_ROOT; };
		5DB4138B21DF070100576883 /* SettingMainCell.swift */ = {isa = PBXFileReference; lastKnownFileType = sourcecode.swift; name = SettingMainCell.swift; path = Artoo/VC/Mypage/SettingMainCell.swift; sourceTree = SOURCE_ROOT; };
		5DB4138D21DF071900576883 /* MyInfoVC.swift */ = {isa = PBXFileReference; lastKnownFileType = sourcecode.swift; name = MyInfoVC.swift; path = Artoo/VC/Mypage/MyInfoVC.swift; sourceTree = SOURCE_ROOT; };
		5DB4138F21DF073000576883 /* MyInfoCell.swift */ = {isa = PBXFileReference; lastKnownFileType = sourcecode.swift; name = MyInfoCell.swift; path = Artoo/VC/Mypage/MyInfoCell.swift; sourceTree = SOURCE_ROOT; };
		5DB4139121DF074400576883 /* LogoutVC.swift */ = {isa = PBXFileReference; lastKnownFileType = sourcecode.swift; name = LogoutVC.swift; path = Artoo/VC/Mypage/LogoutVC.swift; sourceTree = SOURCE_ROOT; };
		5DB4139321DF075E00576883 /* UsingVC.swift */ = {isa = PBXFileReference; lastKnownFileType = sourcecode.swift; name = UsingVC.swift; path = Artoo/VC/Mypage/UsingVC.swift; sourceTree = SOURCE_ROOT; };
		5DB4139521DF076E00576883 /* ProtectionVC.swift */ = {isa = PBXFileReference; lastKnownFileType = sourcecode.swift; name = ProtectionVC.swift; path = Artoo/VC/Mypage/ProtectionVC.swift; sourceTree = SOURCE_ROOT; };
		5DB4139721DF0AB600576883 /* Setting.swift */ = {isa = PBXFileReference; lastKnownFileType = sourcecode.swift; name = Setting.swift; path = Artoo/Util/Model/Setting.swift; sourceTree = SOURCE_ROOT; };
		5DB4139D21DF10E000576883 /* MyInfo.swift */ = {isa = PBXFileReference; lastKnownFileType = sourcecode.swift; name = MyInfo.swift; path = Artoo/Util/Model/MyInfo.swift; sourceTree = SOURCE_ROOT; };
		5DB4139F21DF189300576883 /* QnaVC.swift */ = {isa = PBXFileReference; lastKnownFileType = sourcecode.swift; name = QnaVC.swift; path = Artoo/VC/Mypage/QnaVC.swift; sourceTree = SOURCE_ROOT; };
		5DB413A121DF18AA00576883 /* QnaCell.swift */ = {isa = PBXFileReference; lastKnownFileType = sourcecode.swift; name = QnaCell.swift; path = Artoo/VC/Mypage/QnaCell.swift; sourceTree = SOURCE_ROOT; };
		5DB606CD21D4C41B00C216FD /* Pinterest.swift */ = {isa = PBXFileReference; lastKnownFileType = sourcecode.swift; name = Pinterest.swift; path = Artoo/VC/Art/Pinterest.swift; sourceTree = SOURCE_ROOT; };
		5DB606D121D4FF3600C216FD /* ArtImg.swift */ = {isa = PBXFileReference; lastKnownFileType = sourcecode.swift; name = ArtImg.swift; path = Artoo/Util/Model/ArtImg.swift; sourceTree = SOURCE_ROOT; };
		5DB606D321D5286900C216FD /* BuyVC.swift */ = {isa = PBXFileReference; lastKnownFileType = sourcecode.swift; name = BuyVC.swift; path = Artoo/VC/Art/BuyVC.swift; sourceTree = SOURCE_ROOT; };
		5DB606D521D55CB400C216FD /* Filter.swift */ = {isa = PBXFileReference; lastKnownFileType = sourcecode.swift; name = Filter.swift; path = Artoo/Util/Model/Filter.swift; sourceTree = SOURCE_ROOT; };
		5DC570FB21E5524A00229F2F /* DeleteCommentService.swift */ = {isa = PBXFileReference; lastKnownFileType = sourcecode.swift; path = DeleteCommentService.swift; sourceTree = "<group>"; };
		5DC6F0DE21DFDB34002C8DBE /* UserDescriptionService.swift */ = {isa = PBXFileReference; lastKnownFileType = sourcecode.swift; name = UserDescriptionService.swift; path = Artoo/APIServices/UserDescriptionService.swift; sourceTree = SOURCE_ROOT; };
		5DC6F0E021E09424002C8DBE /* UserModifyService.swift */ = {isa = PBXFileReference; lastKnownFileType = sourcecode.swift; path = UserModifyService.swift; sourceTree = "<group>"; };
		5DC6F0E221E09FE2002C8DBE /* CheckartWorksService.swift */ = {isa = PBXFileReference; lastKnownFileType = sourcecode.swift; path = CheckartWorksService.swift; sourceTree = "<group>"; };
		5DCC9FEF21DCC37900F960A0 /* MultiNotifyVC.swift */ = {isa = PBXFileReference; lastKnownFileType = sourcecode.swift; name = MultiNotifyVC.swift; path = Artoo/VC/Mypage/MultiNotifyVC.swift; sourceTree = SOURCE_ROOT; };
		5DE48B7721E121DF00FAD631 /* ArtDescriptionService.swift */ = {isa = PBXFileReference; lastKnownFileType = sourcecode.swift; path = ArtDescriptionService.swift; sourceTree = "<group>"; };
		5DE48B7921E1391800FAD631 /* ArtImage.swift */ = {isa = PBXFileReference; lastKnownFileType = sourcecode.swift; path = ArtImage.swift; sourceTree = "<group>"; };
		5DEC42CD21D901A7003F75B5 /* All_ArtVC.swift */ = {isa = PBXFileReference; lastKnownFileType = sourcecode.swift; name = All_ArtVC.swift; path = Artoo/VC/Art/All_ArtVC.swift; sourceTree = SOURCE_ROOT; };
		5DEC42CF21D901C8003F75B5 /* DeliveryVC.swift */ = {isa = PBXFileReference; lastKnownFileType = sourcecode.swift; name = DeliveryVC.swift; path = Artoo/VC/Art/DeliveryVC.swift; sourceTree = SOURCE_ROOT; };
		5DEC434D21D9F937003F75B5 /* MyPageImgStoreVC.swift */ = {isa = PBXFileReference; lastKnownFileType = sourcecode.swift; name = MyPageImgStoreVC.swift; path = Artoo/VC/Mypage/MyPageImgStoreVC.swift; sourceTree = SOURCE_ROOT; };
		5DEC434F21D9F9F7003F75B5 /* MyPageImgCell.swift */ = {isa = PBXFileReference; lastKnownFileType = sourcecode.swift; name = MyPageImgCell.swift; path = Artoo/VC/Mypage/MyPageImgCell.swift; sourceTree = SOURCE_ROOT; };
		79FF4C226C2AC22C260F3A43 /* Pods-Artoo.debug.xcconfig */ = {isa = PBXFileReference; includeInIndex = 1; lastKnownFileType = text.xcconfig; name = "Pods-Artoo.debug.xcconfig"; path = "Pods/Target Support Files/Pods-Artoo/Pods-Artoo.debug.xcconfig"; sourceTree = "<group>"; };
		9239F0F8427ACC87974BCC36 /* Pods_Artoo.framework */ = {isa = PBXFileReference; explicitFileType = wrapper.framework; includeInIndex = 0; path = Pods_Artoo.framework; sourceTree = BUILT_PRODUCTS_DIR; };
		A30048DA21CE4FC30042C4EF /* TodayAuthorCell.swift */ = {isa = PBXFileReference; lastKnownFileType = sourcecode.swift; path = TodayAuthorCell.swift; sourceTree = "<group>"; };
		A30048DC21CE4FDD0042C4EF /* TodayWorkCell.swift */ = {isa = PBXFileReference; lastKnownFileType = sourcecode.swift; path = TodayWorkCell.swift; sourceTree = "<group>"; };
		A30048DE21CE50960042C4EF /* HomeTodayVC.swift */ = {isa = PBXFileReference; lastKnownFileType = sourcecode.swift; path = HomeTodayVC.swift; sourceTree = "<group>"; };
		A30048E021CE50B40042C4EF /* HomeThemeVC.swift */ = {isa = PBXFileReference; lastKnownFileType = sourcecode.swift; path = HomeThemeVC.swift; sourceTree = "<group>"; };
		A30048E221CE50CD0042C4EF /* HomeMainVC.swift */ = {isa = PBXFileReference; lastKnownFileType = sourcecode.swift; path = HomeMainVC.swift; sourceTree = "<group>"; };
		A30048E421CE54EE0042C4EF /* Storyboard.swift */ = {isa = PBXFileReference; lastKnownFileType = sourcecode.swift; path = Storyboard.swift; sourceTree = "<group>"; };
		A30048E621CE57F10042C4EF /* Extension.swift */ = {isa = PBXFileReference; lastKnownFileType = sourcecode.swift; path = Extension.swift; sourceTree = "<group>"; };
		A30048EB21CE63370042C4EF /* Today.swift */ = {isa = PBXFileReference; lastKnownFileType = sourcecode.swift; path = Today.swift; sourceTree = "<group>"; };
		A30048ED21CE63400042C4EF /* TodayWork.swift */ = {isa = PBXFileReference; lastKnownFileType = sourcecode.swift; path = TodayWork.swift; sourceTree = "<group>"; };
		A32BCF8E21E5BEB700D08C60 /* HomeSeriesCell2.swift */ = {isa = PBXFileReference; lastKnownFileType = sourcecode.swift; path = HomeSeriesCell2.swift; sourceTree = "<group>"; };
		A32BCF9021E5C65300D08C60 /* TodayArtooDetailVC.swift */ = {isa = PBXFileReference; lastKnownFileType = sourcecode.swift; path = TodayArtooDetailVC.swift; sourceTree = "<group>"; };
		A34B447E21D7280F00991321 /* LoginVC.swift */ = {isa = PBXFileReference; lastKnownFileType = sourcecode.swift; path = LoginVC.swift; sourceTree = "<group>"; };
		A34B448021D72EF200991321 /* ExhibitSeeCell.swift */ = {isa = PBXFileReference; lastKnownFileType = sourcecode.swift; path = ExhibitSeeCell.swift; sourceTree = "<group>"; };
		A34DFD0621DDAFD100CEDA74 /* ExhibitMainService.swift */ = {isa = PBXFileReference; lastKnownFileType = sourcecode.swift; path = ExhibitMainService.swift; sourceTree = "<group>"; };
		A34DFD0821DDDCEA00CEDA74 /* ExhibitApplyService.swift */ = {isa = PBXFileReference; lastKnownFileType = sourcecode.swift; path = ExhibitApplyService.swift; sourceTree = "<group>"; };
		A34DFD0A21DDE43B00CEDA74 /* ArtWork.swift */ = {isa = PBXFileReference; lastKnownFileType = sourcecode.swift; path = ArtWork.swift; sourceTree = "<group>"; };
		A350ADCF21D501EF00EC199E /* ThemeDetail.swift */ = {isa = PBXFileReference; lastKnownFileType = sourcecode.swift; path = ThemeDetail.swift; sourceTree = "<group>"; };
		A350ADD521D52BC700EC199E /* ExhibitApply.swift */ = {isa = PBXFileReference; lastKnownFileType = sourcecode.swift; path = ExhibitApply.swift; sourceTree = "<group>"; };
		A350ADD721D52BCD00EC199E /* ExhibitSee.swift */ = {isa = PBXFileReference; lastKnownFileType = sourcecode.swift; path = ExhibitSee.swift; sourceTree = "<group>"; };
		A350ADD921D532BC00EC199E /* ExhibitApplyVC.swift */ = {isa = PBXFileReference; lastKnownFileType = sourcecode.swift; path = ExhibitApplyVC.swift; sourceTree = "<group>"; };
		A350ADDB21D532E600EC199E /* ExhibitSeeVC.swift */ = {isa = PBXFileReference; lastKnownFileType = sourcecode.swift; path = ExhibitSeeVC.swift; sourceTree = "<group>"; };
		A350ADE121D55D1C00EC199E /* ExhibitApplyCell.swift */ = {isa = PBXFileReference; lastKnownFileType = sourcecode.swift; path = ExhibitApplyCell.swift; sourceTree = "<group>"; };
		A350ADE321D55D4B00EC199E /* ExhibitWorkCell.swift */ = {isa = PBXFileReference; lastKnownFileType = sourcecode.swift; path = ExhibitWorkCell.swift; sourceTree = "<group>"; };
		A3559EC821E61B9800A7A31B /* SellThirdCell.swift */ = {isa = PBXFileReference; lastKnownFileType = sourcecode.swift; path = SellThirdCell.swift; sourceTree = "<group>"; };
		A3559ECA21E6200300A7A31B /* AlarmBuyService.swift */ = {isa = PBXFileReference; lastKnownFileType = sourcecode.swift; path = AlarmBuyService.swift; sourceTree = "<group>"; };
		A3699B4621DB526B00EC3A8D /* APIManager.swift */ = {isa = PBXFileReference; lastKnownFileType = sourcecode.swift; path = APIManager.swift; sourceTree = "<group>"; };
		A3699B4821DB52FF00EC3A8D /* Requestable.swift */ = {isa = PBXFileReference; lastKnownFileType = sourcecode.swift; path = Requestable.swift; sourceTree = "<group>"; };
		A3699B4A21DB532800EC3A8D /* HomeTodayService.swift */ = {isa = PBXFileReference; lastKnownFileType = sourcecode.swift; path = HomeTodayService.swift; sourceTree = "<group>"; };
		A3699B4C21DB53A900EC3A8D /* ResponseArray.swift */ = {isa = PBXFileReference; lastKnownFileType = sourcecode.swift; path = ResponseArray.swift; sourceTree = "<group>"; };
		A3699B4E21DB53B700EC3A8D /* ResponseObject.swift */ = {isa = PBXFileReference; lastKnownFileType = sourcecode.swift; path = ResponseObject.swift; sourceTree = "<group>"; };
		A3699B5021DB53E800EC3A8D /* NetworkResult.swift */ = {isa = PBXFileReference; lastKnownFileType = sourcecode.swift; path = NetworkResult.swift; sourceTree = "<group>"; };
		A3699B5221DB54B000EC3A8D /* Token.swift */ = {isa = PBXFileReference; lastKnownFileType = sourcecode.swift; path = Token.swift; sourceTree = "<group>"; };
		A3699B5421DB55AB00EC3A8D /* SignService.swift */ = {isa = PBXFileReference; lastKnownFileType = sourcecode.swift; path = SignService.swift; sourceTree = "<group>"; };
		A3699B5621DB55B400EC3A8D /* LoginService.swift */ = {isa = PBXFileReference; lastKnownFileType = sourcecode.swift; path = LoginService.swift; sourceTree = "<group>"; };
		A3699B5821DB5DE500EC3A8D /* SignVC.swift */ = {isa = PBXFileReference; lastKnownFileType = sourcecode.swift; path = SignVC.swift; sourceTree = "<group>"; };
		A3699B5A21DB5E5200EC3A8D /* SignVC2.swift */ = {isa = PBXFileReference; lastKnownFileType = sourcecode.swift; path = SignVC2.swift; sourceTree = "<group>"; };
		A3699B5C21DB5E5E00EC3A8D /* SignVC3.swift */ = {isa = PBXFileReference; lastKnownFileType = sourcecode.swift; path = SignVC3.swift; sourceTree = "<group>"; };
		A36D46B021D8836600B45FC1 /* NotoSansCJKkr-Thin.otf */ = {isa = PBXFileReference; lastKnownFileType = file; path = "NotoSansCJKkr-Thin.otf"; sourceTree = "<group>"; };
		A36D46B121D8836600B45FC1 /* NotoSansCJKkr-Light.otf */ = {isa = PBXFileReference; lastKnownFileType = file; path = "NotoSansCJKkr-Light.otf"; sourceTree = "<group>"; };
		A36D46B221D8836700B45FC1 /* NotoSansCJKkr-Black.otf */ = {isa = PBXFileReference; lastKnownFileType = file; path = "NotoSansCJKkr-Black.otf"; sourceTree = "<group>"; };
		A36D46B321D8836700B45FC1 /* NotoSansCJKkr-DemiLight.otf */ = {isa = PBXFileReference; lastKnownFileType = file; path = "NotoSansCJKkr-DemiLight.otf"; sourceTree = "<group>"; };
		A36D46B421D8836800B45FC1 /* NotoSansMonoCJKkr-Regular.otf */ = {isa = PBXFileReference; lastKnownFileType = file; path = "NotoSansMonoCJKkr-Regular.otf"; sourceTree = "<group>"; };
		A36D46B521D8836900B45FC1 /* NotoSansCJKkr-Regular.otf */ = {isa = PBXFileReference; lastKnownFileType = file; path = "NotoSansCJKkr-Regular.otf"; sourceTree = "<group>"; };
		A36D46B621D8836900B45FC1 /* NotoSansCJKkr-Bold.otf */ = {isa = PBXFileReference; lastKnownFileType = file; path = "NotoSansCJKkr-Bold.otf"; sourceTree = "<group>"; };
		A36D46B721D8836A00B45FC1 /* NotoSansMonoCJKkr-Bold.otf */ = {isa = PBXFileReference; lastKnownFileType = file; path = "NotoSansMonoCJKkr-Bold.otf"; sourceTree = "<group>"; };
		A36D46B821D8836B00B45FC1 /* NotoSansCJKkr-Medium.otf */ = {isa = PBXFileReference; lastKnownFileType = file; path = "NotoSansCJKkr-Medium.otf"; sourceTree = "<group>"; };
		A3783A3C21D669B80057884D /* TagCell.swift */ = {isa = PBXFileReference; lastKnownFileType = sourcecode.swift; path = TagCell.swift; sourceTree = "<group>"; };
		A3783A3E21D66A960057884D /* ThemeCell.swift */ = {isa = PBXFileReference; lastKnownFileType = sourcecode.swift; path = ThemeCell.swift; sourceTree = "<group>"; };
		A3783A4021D66CCD0057884D /* RecommandCell.swift */ = {isa = PBXFileReference; lastKnownFileType = sourcecode.swift; path = RecommandCell.swift; sourceTree = "<group>"; };
		A3866D6C21E475CD00CE3C94 /* ApplySuccessVC.swift */ = {isa = PBXFileReference; lastKnownFileType = sourcecode.swift; path = ApplySuccessVC.swift; sourceTree = "<group>"; };
		A3866D6E21E475D700CE3C94 /* ApplyFailVC.swift */ = {isa = PBXFileReference; lastKnownFileType = sourcecode.swift; path = ApplyFailVC.swift; sourceTree = "<group>"; };
		A3866D7021E4773400CE3C94 /* ExhibitGoApplyService.swift */ = {isa = PBXFileReference; lastKnownFileType = sourcecode.swift; path = ExhibitGoApplyService.swift; sourceTree = "<group>"; };
		A3866D7221E477B000CE3C94 /* ExhibitGoApply.swift */ = {isa = PBXFileReference; lastKnownFileType = sourcecode.swift; path = ExhibitGoApply.swift; sourceTree = "<group>"; };
		A392416B21DC89F900371E77 /* HomeThemeService.swift */ = {isa = PBXFileReference; lastKnownFileType = sourcecode.swift; path = HomeThemeService.swift; sourceTree = "<group>"; };
		A392416D21DCB40C00371E77 /* ThemeDetailService.swift */ = {isa = PBXFileReference; lastKnownFileType = sourcecode.swift; path = ThemeDetailService.swift; sourceTree = "<group>"; };
		A3AD880821E7163500AEE977 /* SellCell.swift */ = {isa = PBXFileReference; lastKnownFileType = sourcecode.swift; path = SellCell.swift; sourceTree = "<group>"; };
		A3AD880A21E717C000AEE977 /* AlarmSellService.swift */ = {isa = PBXFileReference; lastKnownFileType = sourcecode.swift; path = AlarmSellService.swift; sourceTree = "<group>"; };
		A3AD880C21E728B400AEE977 /* AlarmExhibitService.swift */ = {isa = PBXFileReference; lastKnownFileType = sourcecode.swift; path = AlarmExhibitService.swift; sourceTree = "<group>"; };
		A3AD880E21E728CF00AEE977 /* ExhibitAlarm.swift */ = {isa = PBXFileReference; lastKnownFileType = sourcecode.swift; path = ExhibitAlarm.swift; sourceTree = "<group>"; };
		A3AF370721E121600013DD5E /* AuthorCellDelegate.swift */ = {isa = PBXFileReference; lastKnownFileType = sourcecode.swift; path = AuthorCellDelegate.swift; sourceTree = "<group>"; };
		A3BE837521DF66B400206154 /* ExhibitSeeService.swift */ = {isa = PBXFileReference; lastKnownFileType = sourcecode.swift; path = ExhibitSeeService.swift; sourceTree = "<group>"; };
		A3BE837721DFD47E00206154 /* HomeSeriesCell.swift */ = {isa = PBXFileReference; lastKnownFileType = sourcecode.swift; path = HomeSeriesCell.swift; sourceTree = "<group>"; };
		A3C4CD0F21D3B43E009086AA /* ExhibitEnterVC.swift */ = {isa = PBXFileReference; lastKnownFileType = sourcecode.swift; path = ExhibitEnterVC.swift; sourceTree = "<group>"; };
		A3CEF94A21CE2421000C7938 /* Artoo.app */ = {isa = PBXFileReference; explicitFileType = wrapper.application; includeInIndex = 0; path = Artoo.app; sourceTree = BUILT_PRODUCTS_DIR; };
		A3CEF94D21CE2421000C7938 /* AppDelegate.swift */ = {isa = PBXFileReference; lastKnownFileType = sourcecode.swift; path = AppDelegate.swift; sourceTree = "<group>"; };
		A3CEF95221CE2422000C7938 /* Base */ = {isa = PBXFileReference; lastKnownFileType = file.storyboard; name = Base; path = Base.lproj/Main.storyboard; sourceTree = "<group>"; };
		A3CEF95421CE2423000C7938 /* Assets.xcassets */ = {isa = PBXFileReference; lastKnownFileType = folder.assetcatalog; path = Assets.xcassets; sourceTree = "<group>"; };
		A3CEF95721CE2423000C7938 /* Base */ = {isa = PBXFileReference; lastKnownFileType = file.storyboard; name = Base; path = Base.lproj/LaunchScreen.storyboard; sourceTree = "<group>"; };
		A3CEF95921CE2423000C7938 /* Info.plist */ = {isa = PBXFileReference; lastKnownFileType = text.plist.xml; path = Info.plist; sourceTree = "<group>"; };
		A3CEF95F21CE2A0A000C7938 /* Home.storyboard */ = {isa = PBXFileReference; lastKnownFileType = file.storyboard; path = Home.storyboard; sourceTree = "<group>"; };
		A3CEF96121CE2A5D000C7938 /* Art.storyboard */ = {isa = PBXFileReference; lastKnownFileType = file.storyboard; path = Art.storyboard; sourceTree = "<group>"; };
		A3CEF96321CE2A6A000C7938 /* Mypage.storyboard */ = {isa = PBXFileReference; lastKnownFileType = file.storyboard; path = Mypage.storyboard; sourceTree = "<group>"; };
		A3CEF96521CE2A78000C7938 /* Exhibit.storyboard */ = {isa = PBXFileReference; lastKnownFileType = file.storyboard; path = Exhibit.storyboard; sourceTree = "<group>"; };
		A3D5067221D0FC7800BB6E4C /* ThemeDetailCell.swift */ = {isa = PBXFileReference; lastKnownFileType = sourcecode.swift; path = ThemeDetailCell.swift; sourceTree = "<group>"; };
		A3D8BBF321D8EE0800EF249C /* RadioBtnDelegate.swift */ = {isa = PBXFileReference; lastKnownFileType = sourcecode.swift; path = RadioBtnDelegate.swift; sourceTree = "<group>"; };
		A3FCBAA521D1F1F200CB8E51 /* ExhibitVC.swift */ = {isa = PBXFileReference; lastKnownFileType = sourcecode.swift; path = ExhibitVC.swift; sourceTree = "<group>"; };
		A3FCBAA721D2085400CB8E51 /* ExhibitCell.swift */ = {isa = PBXFileReference; lastKnownFileType = sourcecode.swift; path = ExhibitCell.swift; sourceTree = "<group>"; };
		A3FCBAA921D20CF200CB8E51 /* Exhibit.swift */ = {isa = PBXFileReference; lastKnownFileType = sourcecode.swift; path = Exhibit.swift; sourceTree = "<group>"; };
		A3FE1B1321CF706C0073F40F /* Theme.swift */ = {isa = PBXFileReference; lastKnownFileType = sourcecode.swift; path = Theme.swift; sourceTree = "<group>"; };
		A3FE1B1521CF73760073F40F /* ThemeWork.swift */ = {isa = PBXFileReference; lastKnownFileType = sourcecode.swift; path = ThemeWork.swift; sourceTree = "<group>"; };
		A3FE1B1721CF801F0073F40F /* ThemeDetailVC.swift */ = {isa = PBXFileReference; lastKnownFileType = sourcecode.swift; path = ThemeDetailVC.swift; sourceTree = "<group>"; };
		ED83EAC316788AD98FE61B6C /* Pods-Artoo.release.xcconfig */ = {isa = PBXFileReference; includeInIndex = 1; lastKnownFileType = text.xcconfig; name = "Pods-Artoo.release.xcconfig"; path = "Pods/Target Support Files/Pods-Artoo/Pods-Artoo.release.xcconfig"; sourceTree = "<group>"; };
/* End PBXFileReference section */

/* Begin PBXFrameworksBuildPhase section */
		A3CEF94721CE2421000C7938 /* Frameworks */ = {
			isa = PBXFrameworksBuildPhase;
			buildActionMask = 2147483647;
			files = (
				00166354520C72E30335F27A /* Pods_Artoo.framework in Frameworks */,
			);
			runOnlyForDeploymentPostprocessing = 0;
		};
/* End PBXFrameworksBuildPhase section */

/* Begin PBXGroup section */
		678589BBC8A7EB0F6F91543A /* Frameworks */ = {
			isa = PBXGroup;
			children = (
				9239F0F8427ACC87974BCC36 /* Pods_Artoo.framework */,
			);
			name = Frameworks;
			sourceTree = "<group>";
		};
		A30048D621CE4F340042C4EF /* Mypage */ = {
			isa = PBXGroup;
			children = (
				5D9B7D7F21D886EA009C12D3 /* MyPageMainVC.swift */,
				5D9B7D8121D8A94D009C12D3 /* MyPageArtVC.swift */,
				5D9B7D8321D8A970009C12D3 /* MyPageStoreVC.swift */,
				5D9B7D8521D8A98C009C12D3 /* MyPageBuyVC.swift */,
				5D9B7D8721D8A9A6009C12D3 /* MyPageReviewVC.swift */,
				5D9B7D8921D8A9CF009C12D3 /* NoArtVC.swift */,
				5D9B7D8B21D8A9EA009C12D3 /* MyArtVC.swift */,
				5D9B7D9321D8C2D9009C12D3 /* MyPagePinterLayout.swift */,
				5DEC434F21D9F9F7003F75B5 /* MyPageImgCell.swift */,
				5DEC434D21D9F937003F75B5 /* MyPageImgStoreVC.swift */,
				5DA600D821DAF9F700472FD1 /* BuyItemCell.swift */,
				5D79DF7221DB7483007AE800 /* NotifyUploadVC.swift */,
				5D79DF7421DB7509007AE800 /* UploadMainVC.swift */,
				5DA412C021DC73EF009EDAB3 /* tagUploadVC.swift */,
				5DCC9FEF21DCC37900F960A0 /* MultiNotifyVC.swift */,
				5D40FA0021DD253C00636890 /* sellSecondCell.swift */,
				5D40F9FE21DD252700636890 /* sellFirstCell.swift */,
				5D40F9FC21DD24F600636890 /* PurchaseVC.swift */,
				5D3DA6AE21DDE65B005239F8 /* SellVC.swift */,
				5D3DA6BE21DDF5EC005239F8 /* AlarmExhibitCell.swift */,
				5D3DA6BC21DDF5C5005239F8 /* AlarmExhibitVC.swift */,
				5D3DA6C621DEE3BA005239F8 /* reviewNotice.swift */,
				5D3DA6C821DEE3D2005239F8 /* refundNoticeVC.swift */,
				5D3DA6CA21DEE408005239F8 /* transactionCancelNoticeVC.swift */,
				5D3DA6CC21DEE421005239F8 /* exhibitCancelNoticeVC.swift */,
				5DB4139F21DF189300576883 /* QnaVC.swift */,
				5DB413A121DF18AA00576883 /* QnaCell.swift */,
				5DB4138921DF06E800576883 /* SettingMainVC.swift */,
				5DB4138B21DF070100576883 /* SettingMainCell.swift */,
				5DB4138D21DF071900576883 /* MyInfoVC.swift */,
				5DB4138F21DF073000576883 /* MyInfoCell.swift */,
				5DB4139121DF074400576883 /* LogoutVC.swift */,
				5DB4139321DF075E00576883 /* UsingVC.swift */,
				5DB4139521DF076E00576883 /* ProtectionVC.swift */,
				5D9E582721DF9977008225F6 /* MyPageStoreCell.swift */,
				5D9E582921DF99B3008225F6 /* MyPageReviewCell.swift */,
				A3559EC821E61B9800A7A31B /* SellThirdCell.swift */,
				A3AD880821E7163500AEE977 /* SellCell.swift */,
			);
			path = Mypage;
			sourceTree = "<group>";
		};
		A30048D721CE4F380042C4EF /* Exhibit */ = {
			isa = PBXGroup;
			children = (
				A3FCBAA521D1F1F200CB8E51 /* ExhibitVC.swift */,
				A3FCBAA721D2085400CB8E51 /* ExhibitCell.swift */,
				A3C4CD0F21D3B43E009086AA /* ExhibitEnterVC.swift */,
				A350ADD921D532BC00EC199E /* ExhibitApplyVC.swift */,
				A350ADDB21D532E600EC199E /* ExhibitSeeVC.swift */,
				A350ADE121D55D1C00EC199E /* ExhibitApplyCell.swift */,
				A350ADE321D55D4B00EC199E /* ExhibitWorkCell.swift */,
				A34B448021D72EF200991321 /* ExhibitSeeCell.swift */,
				A3866D6C21E475CD00CE3C94 /* ApplySuccessVC.swift */,
				A3866D6E21E475D700CE3C94 /* ApplyFailVC.swift */,
			);
			path = Exhibit;
			sourceTree = "<group>";
		};
		A30048D821CE4F3B0042C4EF /* Art */ = {
			isa = PBXGroup;
			children = (
				5DB606D321D5286900C216FD /* BuyVC.swift */,
				5D4607D721D3976600C787AC /* FilterViewController.swift */,
				5D3F66CF21E50F2100EC979A /* CommentsTableCell.swift */,
				5D4607D921D4892000C787AC /* AllImageCell.swift */,
				5DB606CD21D4C41B00C216FD /* Pinterest.swift */,
				5D9B7D7121D6AB2A009C12D3 /* BigImageVC.swift */,
				5D9B7D7D21D83978009C12D3 /* DirectVC.swift */,
				5D9B7D7921D83933009C12D3 /* DealVC.swift */,
				5DEC42CF21D901C8003F75B5 /* DeliveryVC.swift */,
				5DEC42CD21D901A7003F75B5 /* All_ArtVC.swift */,
			);
			path = Art;
			sourceTree = "<group>";
		};
		A30048D921CE4F3E0042C4EF /* Home */ = {
			isa = PBXGroup;
			children = (
				A3D5067121D0FC2900BB6E4C /* Today */,
				A3D5067021D0FC2100BB6E4C /* Theme */,
				A30048E221CE50CD0042C4EF /* HomeMainVC.swift */,
			);
			path = Home;
			sourceTree = "<group>";
		};
		A30048EA21CE62E10042C4EF /* Model */ = {
			isa = PBXGroup;
			children = (
				A30048E421CE54EE0042C4EF /* Storyboard.swift */,
				5D3C387021E4B985005CF329 /* Comments.swift */,
				A30048EB21CE63370042C4EF /* Today.swift */,
				A30048ED21CE63400042C4EF /* TodayWork.swift */,
				A3FE1B1321CF706C0073F40F /* Theme.swift */,
				A3FE1B1521CF73760073F40F /* ThemeWork.swift */,
				5DE48B7921E1391800FAD631 /* ArtImage.swift */,
				5DB606D121D4FF3600C216FD /* ArtImg.swift */,
				5DB606D521D55CB400C216FD /* Filter.swift */,
				A3FCBAA921D20CF200CB8E51 /* Exhibit.swift */,
				A350ADCF21D501EF00EC199E /* ThemeDetail.swift */,
				A350ADD521D52BC700EC199E /* ExhibitApply.swift */,
				A350ADD721D52BCD00EC199E /* ExhibitSee.swift */,
				5D9B7D8D21D8BE26009C12D3 /* ArtPhoto.swift */,
				5DA600D621DAF71500472FD1 /* BuyItem.swift */,
				A3699B4C21DB53A900EC3A8D /* ResponseArray.swift */,
				A3699B4E21DB53B700EC3A8D /* ResponseObject.swift */,
				A3699B5221DB54B000EC3A8D /* Token.swift */,
				5D40FA0221DD38C200636890 /* BuyItemInfo.swift */,
				5D3DA6C221DE1122005239F8 /* BuyInfo.swift */,
				5D3DA6C421DE1129005239F8 /* saleInfo.swift */,
				5D40FA0421DD391E00636890 /* sellerInfo.swift */,
				5D39551A21E72EBA008C2813 /* ArtWorkLike.swift */,
				A34DFD0A21DDE43B00CEDA74 /* ArtWork.swift */,
				5D49021C21E3067400D661C4 /* buyItemBuyerInfo.swift */,
				5D3DA6B421DDE8F6005239F8 /* buyerInfo.swift */,
				5D3DA6C021DDF610005239F8 /* exhibitInfo.swift */,
				5DB4139D21DF10E000576883 /* MyInfo.swift */,
				5DB4139721DF0AB600576883 /* Setting.swift */,
				5D9E582B21DF9E88008225F6 /* StoreArtPhoto.swift */,
				5D9E582521DF993E008225F6 /* reviewData.swift */,
				A3866D7221E477B000CE3C94 /* ExhibitGoApply.swift */,
				A3AD880E21E728CF00AEE977 /* ExhibitAlarm.swift */,
			);
			path = Model;
			sourceTree = "<group>";
		};
		A34B447C21D727EC00991321 /* Login */ = {
			isa = PBXGroup;
			children = (
				A34B447E21D7280F00991321 /* LoginVC.swift */,
			);
			path = Login;
			sourceTree = "<group>";
		};
		A34B447D21D727F700991321 /* Sign */ = {
			isa = PBXGroup;
			children = (
				A3699B5A21DB5E5200EC3A8D /* SignVC2.swift */,
				A3699B5821DB5DE500EC3A8D /* SignVC.swift */,
				A3699B5C21DB5E5E00EC3A8D /* SignVC3.swift */,
			);
			path = Sign;
			sourceTree = "<group>";
		};
		A3699B4521DB524F00EC3A8D /* APIServices */ = {
			isa = PBXGroup;
			children = (
				A3699B4621DB526B00EC3A8D /* APIManager.swift */,
				5D3C387421E4BCE3005CF329 /* CheckCommentsService.swift */,
				5D39551821E72CB2008C2813 /* CheckLikeService.swift */,
				5D0C9FDA21E4096B009D2D68 /* filterService.swift */,
				5D5488D221E2C91400EFDD2F /* CheckBuyItemService.swift */,
				5D5488D021E2C67D00EFDD2F /* BuyService.swift */,
				5D49021E21E3656100D661C4 /* uploadCommentService.swift */,
				A3699B4821DB52FF00EC3A8D /* Requestable.swift */,
				A3699B4A21DB532800EC3A8D /* HomeTodayService.swift */,
				A3699B5021DB53E800EC3A8D /* NetworkResult.swift */,
				A3699B5421DB55AB00EC3A8D /* SignService.swift */,
				A3699B5621DB55B400EC3A8D /* LoginService.swift */,
				A392416B21DC89F900371E77 /* HomeThemeService.swift */,
				A392416D21DCB40C00371E77 /* ThemeDetailService.swift */,
				A34DFD0621DDAFD100CEDA74 /* ExhibitMainService.swift */,
				5DC570FB21E5524A00229F2F /* DeleteCommentService.swift */,
				A34DFD0821DDDCEA00CEDA74 /* ExhibitApplyService.swift */,
				5DC6F0E221E09FE2002C8DBE /* CheckartWorksService.swift */,
				5DE48B7721E121DF00FAD631 /* ArtDescriptionService.swift */,
				A3BE837521DF66B400206154 /* ExhibitSeeService.swift */,
				5DC6F0E021E09424002C8DBE /* UserModifyService.swift */,
				A3866D7021E4773400CE3C94 /* ExhibitGoApplyService.swift */,
				5DC6F0DE21DFDB34002C8DBE /* UserDescriptionService.swift */,
				5D3C387221E4BA06005CF329 /* AllCommentsService.swift */,
				A3559ECA21E6200300A7A31B /* AlarmBuyService.swift */,
				A3AD880A21E717C000AEE977 /* AlarmSellService.swift */,
				A3AD880C21E728B400AEE977 /* AlarmExhibitService.swift */,
			);
			path = APIServices;
			sourceTree = "<group>";
		};
		A36D46AF21D8835600B45FC1 /* Font */ = {
			isa = PBXGroup;
			children = (
				A36D46B221D8836700B45FC1 /* NotoSansCJKkr-Black.otf */,
				A36D46B621D8836900B45FC1 /* NotoSansCJKkr-Bold.otf */,
				A36D46B321D8836700B45FC1 /* NotoSansCJKkr-DemiLight.otf */,
				A36D46B121D8836600B45FC1 /* NotoSansCJKkr-Light.otf */,
				A36D46B821D8836B00B45FC1 /* NotoSansCJKkr-Medium.otf */,
				A36D46B521D8836900B45FC1 /* NotoSansCJKkr-Regular.otf */,
				A36D46B021D8836600B45FC1 /* NotoSansCJKkr-Thin.otf */,
				A36D46B721D8836A00B45FC1 /* NotoSansMonoCJKkr-Bold.otf */,
				A36D46B421D8836800B45FC1 /* NotoSansMonoCJKkr-Regular.otf */,
			);
			path = Font;
			sourceTree = "<group>";
		};
		A3CEF94121CE2421000C7938 = {
			isa = PBXGroup;
			children = (
				A3CEF94C21CE2421000C7938 /* Artoo */,
				A3CEF94B21CE2421000C7938 /* Products */,
				D6CC1D5CD35D2B69C918F4FC /* Pods */,
				678589BBC8A7EB0F6F91543A /* Frameworks */,
			);
			sourceTree = "<group>";
		};
		A3CEF94B21CE2421000C7938 /* Products */ = {
			isa = PBXGroup;
			children = (
				A3CEF94A21CE2421000C7938 /* Artoo.app */,
			);
			name = Products;
			sourceTree = "<group>";
		};
		A3CEF94C21CE2421000C7938 /* Artoo */ = {
			isa = PBXGroup;
			children = (
				A3699B4521DB524F00EC3A8D /* APIServices */,
				A3D8BBF221D8EDE100EF249C /* Protocol */,
				A36D46AF21D8835600B45FC1 /* Font */,
				A3CEF96921CE2E39000C7938 /* Util */,
				A3CEF96821CE2E2A000C7938 /* VC */,
				A3CEF96721CE2DF5000C7938 /* Storyboard */,
				A3CEF94D21CE2421000C7938 /* AppDelegate.swift */,
				A3CEF95421CE2423000C7938 /* Assets.xcassets */,
				A3CEF95621CE2423000C7938 /* LaunchScreen.storyboard */,
				A3CEF95921CE2423000C7938 /* Info.plist */,
			);
			path = Artoo;
			sourceTree = "<group>";
		};
		A3CEF96721CE2DF5000C7938 /* Storyboard */ = {
			isa = PBXGroup;
			children = (
				A3CEF95121CE2422000C7938 /* Main.storyboard */,
				A3CEF95F21CE2A0A000C7938 /* Home.storyboard */,
				A3CEF96121CE2A5D000C7938 /* Art.storyboard */,
				A3CEF96321CE2A6A000C7938 /* Mypage.storyboard */,
				A3CEF96521CE2A78000C7938 /* Exhibit.storyboard */,
			);
			path = Storyboard;
			sourceTree = "<group>";
		};
		A3CEF96821CE2E2A000C7938 /* VC */ = {
			isa = PBXGroup;
			children = (
				A34B447D21D727F700991321 /* Sign */,
				A34B447C21D727EC00991321 /* Login */,
				A30048D921CE4F3E0042C4EF /* Home */,
				A30048D821CE4F3B0042C4EF /* Art */,
				A30048D721CE4F380042C4EF /* Exhibit */,
				A30048D621CE4F340042C4EF /* Mypage */,
			);
			path = VC;
			sourceTree = "<group>";
		};
		A3CEF96921CE2E39000C7938 /* Util */ = {
			isa = PBXGroup;
			children = (
				A30048EA21CE62E10042C4EF /* Model */,
				A30048E621CE57F10042C4EF /* Extension.swift */,
			);
			path = Util;
			sourceTree = "<group>";
		};
		A3D5067021D0FC2100BB6E4C /* Theme */ = {
			isa = PBXGroup;
			children = (
				A3FE1B1721CF801F0073F40F /* ThemeDetailVC.swift */,
				A30048E021CE50B40042C4EF /* HomeThemeVC.swift */,
				A3D5067221D0FC7800BB6E4C /* ThemeDetailCell.swift */,
				A3783A3C21D669B80057884D /* TagCell.swift */,
				A3783A3E21D66A960057884D /* ThemeCell.swift */,
				A3783A4021D66CCD0057884D /* RecommandCell.swift */,
			);
			path = Theme;
			sourceTree = "<group>";
		};
		A3D5067121D0FC2900BB6E4C /* Today */ = {
			isa = PBXGroup;
			children = (
				A30048DC21CE4FDD0042C4EF /* TodayWorkCell.swift */,
				A30048DA21CE4FC30042C4EF /* TodayAuthorCell.swift */,
				A30048DE21CE50960042C4EF /* HomeTodayVC.swift */,
				A3BE837721DFD47E00206154 /* HomeSeriesCell.swift */,
				A32BCF8E21E5BEB700D08C60 /* HomeSeriesCell2.swift */,
				A32BCF9021E5C65300D08C60 /* TodayArtooDetailVC.swift */,
			);
			path = Today;
			sourceTree = "<group>";
		};
		A3D8BBF221D8EDE100EF249C /* Protocol */ = {
			isa = PBXGroup;
			children = (
				A3D8BBF321D8EE0800EF249C /* RadioBtnDelegate.swift */,
				A3AF370721E121600013DD5E /* AuthorCellDelegate.swift */,
				5D03B89321E480F200D9122C /* FilterDataDelegate.swift */,
			);
			name = Protocol;
			path = "New Group";
			sourceTree = "<group>";
		};
		D6CC1D5CD35D2B69C918F4FC /* Pods */ = {
			isa = PBXGroup;
			children = (
				79FF4C226C2AC22C260F3A43 /* Pods-Artoo.debug.xcconfig */,
				ED83EAC316788AD98FE61B6C /* Pods-Artoo.release.xcconfig */,
			);
			name = Pods;
			sourceTree = "<group>";
		};
/* End PBXGroup section */

/* Begin PBXNativeTarget section */
		A3CEF94921CE2421000C7938 /* Artoo */ = {
			isa = PBXNativeTarget;
			buildConfigurationList = A3CEF95C21CE2423000C7938 /* Build configuration list for PBXNativeTarget "Artoo" */;
			buildPhases = (
				74345FDC80A75996E66D9264 /* [CP] Check Pods Manifest.lock */,
				A3CEF94621CE2421000C7938 /* Sources */,
				A3CEF94721CE2421000C7938 /* Frameworks */,
				A3CEF94821CE2421000C7938 /* Resources */,
				B7E5E8C89839F98162460734 /* [CP] Embed Pods Frameworks */,
			);
			buildRules = (
			);
			dependencies = (
			);
			name = Artoo;
			productName = Artoo;
			productReference = A3CEF94A21CE2421000C7938 /* Artoo.app */;
			productType = "com.apple.product-type.application";
		};
/* End PBXNativeTarget section */

/* Begin PBXProject section */
		A3CEF94221CE2421000C7938 /* Project object */ = {
			isa = PBXProject;
			attributes = {
				LastSwiftUpdateCheck = 1010;
				LastUpgradeCheck = 1010;
				ORGANIZATIONNAME = "홍정민";
				TargetAttributes = {
					A3CEF94921CE2421000C7938 = {
						CreatedOnToolsVersion = 10.1;
					};
				};
			};
			buildConfigurationList = A3CEF94521CE2421000C7938 /* Build configuration list for PBXProject "Artoo" */;
			compatibilityVersion = "Xcode 9.3";
			developmentRegion = en;
			hasScannedForEncodings = 0;
			knownRegions = (
				en,
				Base,
			);
			mainGroup = A3CEF94121CE2421000C7938;
			productRefGroup = A3CEF94B21CE2421000C7938 /* Products */;
			projectDirPath = "";
			projectRoot = "";
			targets = (
				A3CEF94921CE2421000C7938 /* Artoo */,
			);
		};
/* End PBXProject section */

/* Begin PBXResourcesBuildPhase section */
		A3CEF94821CE2421000C7938 /* Resources */ = {
			isa = PBXResourcesBuildPhase;
			buildActionMask = 2147483647;
			files = (
				A3CEF96621CE2A78000C7938 /* Exhibit.storyboard in Resources */,
				A3CEF95821CE2423000C7938 /* LaunchScreen.storyboard in Resources */,
				A36D46B921D884FE00B45FC1 /* NotoSansCJKkr-Black.otf in Resources */,
				A3CEF96421CE2A6A000C7938 /* Mypage.storyboard in Resources */,
				A36D46BB21D8850400B45FC1 /* NotoSansCJKkr-DemiLight.otf in Resources */,
				A3CEF95521CE2423000C7938 /* Assets.xcassets in Resources */,
				A36D46C121D8851300B45FC1 /* NotoSansMonoCJKkr-Regular.otf in Resources */,
				A36D46C021D8851000B45FC1 /* NotoSansMonoCJKkr-Bold.otf in Resources */,
				A36D46BE21D8850B00B45FC1 /* NotoSansCJKkr-Regular.otf in Resources */,
				A3CEF96221CE2A5D000C7938 /* Art.storyboard in Resources */,
				A3CEF95321CE2422000C7938 /* Main.storyboard in Resources */,
				A36D46BF21D8850E00B45FC1 /* NotoSansCJKkr-Thin.otf in Resources */,
				A3CEF96021CE2A0A000C7938 /* Home.storyboard in Resources */,
				A36D46BA21D8850100B45FC1 /* NotoSansCJKkr-Bold.otf in Resources */,
				A36D46BC21D8850600B45FC1 /* NotoSansCJKkr-Light.otf in Resources */,
				A36D46BD21D8850900B45FC1 /* NotoSansCJKkr-Medium.otf in Resources */,
			);
			runOnlyForDeploymentPostprocessing = 0;
		};
/* End PBXResourcesBuildPhase section */

/* Begin PBXShellScriptBuildPhase section */
		74345FDC80A75996E66D9264 /* [CP] Check Pods Manifest.lock */ = {
			isa = PBXShellScriptBuildPhase;
			buildActionMask = 2147483647;
			files = (
			);
			inputPaths = (
				"${PODS_PODFILE_DIR_PATH}/Podfile.lock",
				"${PODS_ROOT}/Manifest.lock",
			);
			name = "[CP] Check Pods Manifest.lock";
			outputPaths = (
				"$(DERIVED_FILE_DIR)/Pods-Artoo-checkManifestLockResult.txt",
			);
			runOnlyForDeploymentPostprocessing = 0;
			shellPath = /bin/sh;
			shellScript = "diff \"${PODS_PODFILE_DIR_PATH}/Podfile.lock\" \"${PODS_ROOT}/Manifest.lock\" > /dev/null\nif [ $? != 0 ] ; then\n    # print error to STDERR\n    echo \"error: The sandbox is not in sync with the Podfile.lock. Run 'pod install' or update your CocoaPods installation.\" >&2\n    exit 1\nfi\n# This output is used by Xcode 'outputs' to avoid re-running this script phase.\necho \"SUCCESS\" > \"${SCRIPT_OUTPUT_FILE_0}\"\n";
			showEnvVarsInLog = 0;
		};
		B7E5E8C89839F98162460734 /* [CP] Embed Pods Frameworks */ = {
			isa = PBXShellScriptBuildPhase;
			buildActionMask = 2147483647;
			files = (
			);
			inputPaths = (
				"${SRCROOT}/Pods/Target Support Files/Pods-Artoo/Pods-Artoo-frameworks.sh",
				"${BUILT_PRODUCTS_DIR}/Alamofire/Alamofire.framework",
				"${BUILT_PRODUCTS_DIR}/AlamofireObjectMapper/AlamofireObjectMapper.framework",
				"${BUILT_PRODUCTS_DIR}/Kingfisher/Kingfisher.framework",
				"${BUILT_PRODUCTS_DIR}/ObjectMapper/ObjectMapper.framework",
				"${BUILT_PRODUCTS_DIR}/Toast-Swift/Toast_Swift.framework",
			);
			name = "[CP] Embed Pods Frameworks";
			outputPaths = (
				"${TARGET_BUILD_DIR}/${FRAMEWORKS_FOLDER_PATH}/Alamofire.framework",
				"${TARGET_BUILD_DIR}/${FRAMEWORKS_FOLDER_PATH}/AlamofireObjectMapper.framework",
				"${TARGET_BUILD_DIR}/${FRAMEWORKS_FOLDER_PATH}/Kingfisher.framework",
				"${TARGET_BUILD_DIR}/${FRAMEWORKS_FOLDER_PATH}/ObjectMapper.framework",
				"${TARGET_BUILD_DIR}/${FRAMEWORKS_FOLDER_PATH}/Toast_Swift.framework",
			);
			runOnlyForDeploymentPostprocessing = 0;
			shellPath = /bin/sh;
			shellScript = "\"${SRCROOT}/Pods/Target Support Files/Pods-Artoo/Pods-Artoo-frameworks.sh\"\n";
			showEnvVarsInLog = 0;
		};
/* End PBXShellScriptBuildPhase section */

/* Begin PBXSourcesBuildPhase section */
		A3CEF94621CE2421000C7938 /* Sources */ = {
			isa = PBXSourcesBuildPhase;
			buildActionMask = 2147483647;
			files = (
				5D9E582C21DF9E88008225F6 /* StoreArtPhoto.swift in Sources */,
				A3AF370821E121600013DD5E /* AuthorCellDelegate.swift in Sources */,
				5DB4138C21DF070100576883 /* SettingMainCell.swift in Sources */,
				A30048E721CE57F10042C4EF /* Extension.swift in Sources */,
				A34B448121D72EF200991321 /* ExhibitSeeCell.swift in Sources */,
				A350ADDC21D532E600EC199E /* ExhibitSeeVC.swift in Sources */,
				5DEC42CE21D901A7003F75B5 /* All_ArtVC.swift in Sources */,
				A3783A3D21D669B80057884D /* TagCell.swift in Sources */,
				5D39551921E72CB2008C2813 /* CheckLikeService.swift in Sources */,
				A3783A3F21D66A960057884D /* ThemeCell.swift in Sources */,
				A3D5067321D0FC7800BB6E4C /* ThemeDetailCell.swift in Sources */,
				A350ADE421D55D4B00EC199E /* ExhibitWorkCell.swift in Sources */,
				5D3C387321E4BA06005CF329 /* AllCommentsService.swift in Sources */,
				5D3C387121E4B985005CF329 /* Comments.swift in Sources */,
				A3FCBAAA21D20CF200CB8E51 /* Exhibit.swift in Sources */,
				A34B447F21D7280F00991321 /* LoginVC.swift in Sources */,
				5D9B7D8221D8A94D009C12D3 /* MyPageArtVC.swift in Sources */,
				5D9B7D8621D8A98C009C12D3 /* MyPageBuyVC.swift in Sources */,
				A392416E21DCB40C00371E77 /* ThemeDetailService.swift in Sources */,
				A3D5067321D0FC7800BB6E4C /* ThemeDetailCell.swift in Sources */,
				5D3DA6C321DE1122005239F8 /* BuyInfo.swift in Sources */,
				5D9B7D8221D8A94D009C12D3 /* MyPageArtVC.swift in Sources */,
				5DB4139021DF073000576883 /* MyInfoCell.swift in Sources */,
				5DC6F0E321E09FE2002C8DBE /* CheckartWorksService.swift in Sources */,
				5DB413A221DF18AA00576883 /* QnaCell.swift in Sources */,
				5D39551B21E72EBA008C2813 /* ArtWorkLike.swift in Sources */,
				5D9B7D8621D8A98C009C12D3 /* MyPageBuyVC.swift in Sources */,
				5D3DA6BD21DDF5C5005239F8 /* AlarmExhibitVC.swift in Sources */,
				5D9E582A21DF99B3008225F6 /* MyPageReviewCell.swift in Sources */,
				5D9B7D8821D8A9A6009C12D3 /* MyPageReviewVC.swift in Sources */,
				5D40FA0521DD391E00636890 /* sellerInfo.swift in Sources */,
				5D79DF7321DB7483007AE800 /* NotifyUploadVC.swift in Sources */,
				5DEC434E21D9F937003F75B5 /* MyPageImgStoreVC.swift in Sources */,
				5D3DA6AF21DDE65B005239F8 /* SellVC.swift in Sources */,
				5DB4139E21DF10E000576883 /* MyInfo.swift in Sources */,
				5DC6F0DF21DFDB34002C8DBE /* UserDescriptionService.swift in Sources */,
				5D3DA6C721DEE3BA005239F8 /* reviewNotice.swift in Sources */,
				5D40FA0321DD38C200636890 /* BuyItemInfo.swift in Sources */,
				5D40F9FF21DD252700636890 /* sellFirstCell.swift in Sources */,
				5DA412C121DC73EF009EDAB3 /* tagUploadVC.swift in Sources */,
				5DA600D921DAF9F700472FD1 /* BuyItemCell.swift in Sources */,
				A3866D6D21E475CD00CE3C94 /* ApplySuccessVC.swift in Sources */,
				A30048EE21CE63400042C4EF /* TodayWork.swift in Sources */,
				A350ADE221D55D1C00EC199E /* ExhibitApplyCell.swift in Sources */,
				A30048DD21CE4FDD0042C4EF /* TodayWorkCell.swift in Sources */,
				5D3C387521E4BCE3005CF329 /* CheckCommentsService.swift in Sources */,
				A3699B5321DB54B000EC3A8D /* Token.swift in Sources */,
				A3699B5721DB55B400EC3A8D /* LoginService.swift in Sources */,
				A350ADD021D501EF00EC199E /* ThemeDetail.swift in Sources */,
				5D9E582821DF9977008225F6 /* MyPageStoreCell.swift in Sources */,
				A3C4CD1021D3B43E009086AA /* ExhibitEnterVC.swift in Sources */,
				A3BE837621DF66B400206154 /* ExhibitSeeService.swift in Sources */,
				A3FCBAA821D2085400CB8E51 /* ExhibitCell.swift in Sources */,
				A3783A4121D66CCD0057884D /* RecommandCell.swift in Sources */,
				A3AD880B21E717C000AEE977 /* AlarmSellService.swift in Sources */,
				A32BCF8F21E5BEB700D08C60 /* HomeSeriesCell2.swift in Sources */,
				A3CEF94E21CE2421000C7938 /* AppDelegate.swift in Sources */,
				5D9B7D7E21D83978009C12D3 /* DirectVC.swift in Sources */,
				A3D8BBF421D8EE0800EF249C /* RadioBtnDelegate.swift in Sources */,
				5D3DA6C521DE1129005239F8 /* saleInfo.swift in Sources */,
				5DB4139621DF076E00576883 /* ProtectionVC.swift in Sources */,
				5DA600D721DAF71500472FD1 /* BuyItem.swift in Sources */,
				A3699B4B21DB532800EC3A8D /* HomeTodayService.swift in Sources */,
				5DB4138A21DF06E800576883 /* SettingMainVC.swift in Sources */,
				5D9B7D9421D8C2D9009C12D3 /* MyPagePinterLayout.swift in Sources */,
				5D40F9FD21DD24F600636890 /* PurchaseVC.swift in Sources */,
				A3CEF94E21CE2421000C7938 /* AppDelegate.swift in Sources */,
				A3699B4721DB526B00EC3A8D /* APIManager.swift in Sources */,
				5D5488D321E2C91400EFDD2F /* CheckBuyItemService.swift in Sources */,
				A34DFD0921DDDCEA00CEDA74 /* ExhibitApplyService.swift in Sources */,
				5D3DA6C921DEE3D2005239F8 /* refundNoticeVC.swift in Sources */,
				5D9B7D8421D8A970009C12D3 /* MyPageStoreVC.swift in Sources */,
				A30048EC21CE63370042C4EF /* Today.swift in Sources */,
				5D9E582621DF993E008225F6 /* reviewData.swift in Sources */,
				A3559EC921E61B9800A7A31B /* SellThirdCell.swift in Sources */,
				A350ADD621D52BC700EC199E /* ExhibitApply.swift in Sources */,
				A30048DF21CE50960042C4EF /* HomeTodayVC.swift in Sources */,
				5D9B7D7221D6AB2A009C12D3 /* BigImageVC.swift in Sources */,
				A3699B4F21DB53B700EC3A8D /* ResponseObject.swift in Sources */,
				5DC6F0E121E09424002C8DBE /* UserModifyService.swift in Sources */,
				A3699B5121DB53E800EC3A8D /* NetworkResult.swift in Sources */,
				A32BCF9121E5C65300D08C60 /* TodayArtooDetailVC.swift in Sources */,
				A34DFD0721DDAFD100CEDA74 /* ExhibitMainService.swift in Sources */,
				A3BE837821DFD47E00206154 /* HomeSeriesCell.swift in Sources */,
				5D4607DA21D4892000C787AC /* AllImageCell.swift in Sources */,
				A3699B5D21DB5E5E00EC3A8D /* SignVC3.swift in Sources */,
				A30048E521CE54EE0042C4EF /* Storyboard.swift in Sources */,
				A30048E321CE50CD0042C4EF /* HomeMainVC.swift in Sources */,
				5DB606D621D55CB400C216FD /* Filter.swift in Sources */,
				5DB606CE21D4C41B00C216FD /* Pinterest.swift in Sources */,
				5DB606D421D5286900C216FD /* BuyVC.swift in Sources */,
				A392416C21DC89F900371E77 /* HomeThemeService.swift in Sources */,
				5D3F66D021E50F2100EC979A /* CommentsTableCell.swift in Sources */,
				5D4607D821D3976600C787AC /* FilterViewController.swift in Sources */,
				5D5488D121E2C67D00EFDD2F /* BuyService.swift in Sources */,
				5DC570FC21E5524A00229F2F /* DeleteCommentService.swift in Sources */,
				A30048E521CE54EE0042C4EF /* Storyboard.swift in Sources */,
				5D40FA0121DD253C00636890 /* sellSecondCell.swift in Sources */,
				5DB4139421DF075E00576883 /* UsingVC.swift in Sources */,
				A30048E321CE50CD0042C4EF /* HomeMainVC.swift in Sources */,
				5D79DF7521DB7509007AE800 /* UploadMainVC.swift in Sources */,
				A34DFD0B21DDE43B00CEDA74 /* ArtWork.swift in Sources */,
				5D9B7D8E21D8BE26009C12D3 /* ArtPhoto.swift in Sources */,
				A3699B4921DB52FF00EC3A8D /* Requestable.swift in Sources */,
				5D49021F21E3656100D661C4 /* uploadCommentService.swift in Sources */,
				A3AD880D21E728B400AEE977 /* AlarmExhibitService.swift in Sources */,
				A3FE1B1621CF73760073F40F /* ThemeWork.swift in Sources */,
				A350ADD821D52BCD00EC199E /* ExhibitSee.swift in Sources */,
				A30048DB21CE4FC30042C4EF /* TodayAuthorCell.swift in Sources */,
				5DEC42D021D901C8003F75B5 /* DeliveryVC.swift in Sources */,
				A350ADDA21D532BC00EC199E /* ExhibitApplyVC.swift in Sources */,
				A3866D7121E4773400CE3C94 /* ExhibitGoApplyService.swift in Sources */,
				A3FE1B1821CF801F0073F40F /* ThemeDetailVC.swift in Sources */,
				5D03B89421E480F200D9122C /* FilterDataDelegate.swift in Sources */,
				A30048E121CE50B40042C4EF /* HomeThemeVC.swift in Sources */,
				A3699B5B21DB5E5200EC3A8D /* SignVC2.swift in Sources */,
				A3699B5521DB55AB00EC3A8D /* SignService.swift in Sources */,
				5D9B7D7A21D83933009C12D3 /* DealVC.swift in Sources */,
				A3866D6F21E475D700CE3C94 /* ApplyFailVC.swift in Sources */,
				5D3DA6BF21DDF5EC005239F8 /* AlarmExhibitCell.swift in Sources */,
				A3FE1B1621CF73760073F40F /* ThemeWork.swift in Sources */,
				A30048DB21CE4FC30042C4EF /* TodayAuthorCell.swift in Sources */,
				A3559ECB21E6200300A7A31B /* AlarmBuyService.swift in Sources */,
				5DE48B7821E121DF00FAD631 /* ArtDescriptionService.swift in Sources */,
				5D3DA6CD21DEE421005239F8 /* exhibitCancelNoticeVC.swift in Sources */,
				5DB413A021DF189300576883 /* QnaVC.swift in Sources */,
				5D3DA6C121DDF610005239F8 /* exhibitInfo.swift in Sources */,
				5D3DA6CB21DEE409005239F8 /* transactionCancelNoticeVC.swift in Sources */,
				5D49021D21E3067400D661C4 /* buyItemBuyerInfo.swift in Sources */,
				5D9B7D8021D886EA009C12D3 /* MyPageMainVC.swift in Sources */,
				A3FE1B1821CF801F0073F40F /* ThemeDetailVC.swift in Sources */,
				A30048E121CE50B40042C4EF /* HomeThemeVC.swift in Sources */,
				5DB4139821DF0AB600576883 /* Setting.swift in Sources */,
				5DE48B7A21E1391800FAD631 /* ArtImage.swift in Sources */,
				A3AD880921E7163500AEE977 /* SellCell.swift in Sources */,
				5DCC9FF021DCC37900F960A0 /* MultiNotifyVC.swift in Sources */,
				5D3DA6B521DDE8F6005239F8 /* buyerInfo.swift in Sources */,
				5D9B7D8A21D8A9D0009C12D3 /* NoArtVC.swift in Sources */,
				A3699B4D21DB53A900EC3A8D /* ResponseArray.swift in Sources */,
				A3FCBAA621D1F1F200CB8E51 /* ExhibitVC.swift in Sources */,
				5DB4138E21DF071900576883 /* MyInfoVC.swift in Sources */,
				A3AD880F21E728CF00AEE977 /* ExhibitAlarm.swift in Sources */,
				A3866D7321E477B000CE3C94 /* ExhibitGoApply.swift in Sources */,
				5DB4139221DF074400576883 /* LogoutVC.swift in Sources */,
				5D9B7D8C21D8A9EA009C12D3 /* MyArtVC.swift in Sources */,
				5DEC435021D9F9F7003F75B5 /* MyPageImgCell.swift in Sources */,
				5D0C9FDB21E4096B009D2D68 /* filterService.swift in Sources */,
				A3699B5921DB5DE500EC3A8D /* SignVC.swift in Sources */,
				A3FE1B1421CF706C0073F40F /* Theme.swift in Sources */,
				5DB606D221D4FF3600C216FD /* ArtImg.swift in Sources */,
			);
			runOnlyForDeploymentPostprocessing = 0;
		};
/* End PBXSourcesBuildPhase section */

/* Begin PBXVariantGroup section */
		A3CEF95121CE2422000C7938 /* Main.storyboard */ = {
			isa = PBXVariantGroup;
			children = (
				A3CEF95221CE2422000C7938 /* Base */,
			);
			name = Main.storyboard;
			sourceTree = "<group>";
		};
		A3CEF95621CE2423000C7938 /* LaunchScreen.storyboard */ = {
			isa = PBXVariantGroup;
			children = (
				A3CEF95721CE2423000C7938 /* Base */,
			);
			name = LaunchScreen.storyboard;
			sourceTree = "<group>";
		};
/* End PBXVariantGroup section */

/* Begin XCBuildConfiguration section */
		A3CEF95A21CE2423000C7938 /* Debug */ = {
			isa = XCBuildConfiguration;
			buildSettings = {
				ALWAYS_SEARCH_USER_PATHS = NO;
				CLANG_ANALYZER_NONNULL = YES;
				CLANG_ANALYZER_NUMBER_OBJECT_CONVERSION = YES_AGGRESSIVE;
				CLANG_CXX_LANGUAGE_STANDARD = "gnu++14";
				CLANG_CXX_LIBRARY = "libc++";
				CLANG_ENABLE_MODULES = YES;
				CLANG_ENABLE_OBJC_ARC = YES;
				CLANG_ENABLE_OBJC_WEAK = YES;
				CLANG_WARN_BLOCK_CAPTURE_AUTORELEASING = YES;
				CLANG_WARN_BOOL_CONVERSION = YES;
				CLANG_WARN_COMMA = YES;
				CLANG_WARN_CONSTANT_CONVERSION = YES;
				CLANG_WARN_DEPRECATED_OBJC_IMPLEMENTATIONS = YES;
				CLANG_WARN_DIRECT_OBJC_ISA_USAGE = YES_ERROR;
				CLANG_WARN_DOCUMENTATION_COMMENTS = YES;
				CLANG_WARN_EMPTY_BODY = YES;
				CLANG_WARN_ENUM_CONVERSION = YES;
				CLANG_WARN_INFINITE_RECURSION = YES;
				CLANG_WARN_INT_CONVERSION = YES;
				CLANG_WARN_NON_LITERAL_NULL_CONVERSION = YES;
				CLANG_WARN_OBJC_IMPLICIT_RETAIN_SELF = YES;
				CLANG_WARN_OBJC_LITERAL_CONVERSION = YES;
				CLANG_WARN_OBJC_ROOT_CLASS = YES_ERROR;
				CLANG_WARN_RANGE_LOOP_ANALYSIS = YES;
				CLANG_WARN_STRICT_PROTOTYPES = YES;
				CLANG_WARN_SUSPICIOUS_MOVE = YES;
				CLANG_WARN_UNGUARDED_AVAILABILITY = YES_AGGRESSIVE;
				CLANG_WARN_UNREACHABLE_CODE = YES;
				CLANG_WARN__DUPLICATE_METHOD_MATCH = YES;
				CODE_SIGN_IDENTITY = "iPhone Developer";
				COPY_PHASE_STRIP = NO;
				DEBUG_INFORMATION_FORMAT = dwarf;
				ENABLE_STRICT_OBJC_MSGSEND = YES;
				ENABLE_TESTABILITY = YES;
				GCC_C_LANGUAGE_STANDARD = gnu11;
				GCC_DYNAMIC_NO_PIC = NO;
				GCC_NO_COMMON_BLOCKS = YES;
				GCC_OPTIMIZATION_LEVEL = 0;
				GCC_PREPROCESSOR_DEFINITIONS = (
					"DEBUG=1",
					"$(inherited)",
				);
				GCC_WARN_64_TO_32_BIT_CONVERSION = YES;
				GCC_WARN_ABOUT_RETURN_TYPE = YES_ERROR;
				GCC_WARN_UNDECLARED_SELECTOR = YES;
				GCC_WARN_UNINITIALIZED_AUTOS = YES_AGGRESSIVE;
				GCC_WARN_UNUSED_FUNCTION = YES;
				GCC_WARN_UNUSED_VARIABLE = YES;
				IPHONEOS_DEPLOYMENT_TARGET = 12.1;
				MTL_ENABLE_DEBUG_INFO = INCLUDE_SOURCE;
				MTL_FAST_MATH = YES;
				ONLY_ACTIVE_ARCH = YES;
				SDKROOT = iphoneos;
				SWIFT_ACTIVE_COMPILATION_CONDITIONS = DEBUG;
				SWIFT_OPTIMIZATION_LEVEL = "-Onone";
			};
			name = Debug;
		};
		A3CEF95B21CE2423000C7938 /* Release */ = {
			isa = XCBuildConfiguration;
			buildSettings = {
				ALWAYS_SEARCH_USER_PATHS = NO;
				CLANG_ANALYZER_NONNULL = YES;
				CLANG_ANALYZER_NUMBER_OBJECT_CONVERSION = YES_AGGRESSIVE;
				CLANG_CXX_LANGUAGE_STANDARD = "gnu++14";
				CLANG_CXX_LIBRARY = "libc++";
				CLANG_ENABLE_MODULES = YES;
				CLANG_ENABLE_OBJC_ARC = YES;
				CLANG_ENABLE_OBJC_WEAK = YES;
				CLANG_WARN_BLOCK_CAPTURE_AUTORELEASING = YES;
				CLANG_WARN_BOOL_CONVERSION = YES;
				CLANG_WARN_COMMA = YES;
				CLANG_WARN_CONSTANT_CONVERSION = YES;
				CLANG_WARN_DEPRECATED_OBJC_IMPLEMENTATIONS = YES;
				CLANG_WARN_DIRECT_OBJC_ISA_USAGE = YES_ERROR;
				CLANG_WARN_DOCUMENTATION_COMMENTS = YES;
				CLANG_WARN_EMPTY_BODY = YES;
				CLANG_WARN_ENUM_CONVERSION = YES;
				CLANG_WARN_INFINITE_RECURSION = YES;
				CLANG_WARN_INT_CONVERSION = YES;
				CLANG_WARN_NON_LITERAL_NULL_CONVERSION = YES;
				CLANG_WARN_OBJC_IMPLICIT_RETAIN_SELF = YES;
				CLANG_WARN_OBJC_LITERAL_CONVERSION = YES;
				CLANG_WARN_OBJC_ROOT_CLASS = YES_ERROR;
				CLANG_WARN_RANGE_LOOP_ANALYSIS = YES;
				CLANG_WARN_STRICT_PROTOTYPES = YES;
				CLANG_WARN_SUSPICIOUS_MOVE = YES;
				CLANG_WARN_UNGUARDED_AVAILABILITY = YES_AGGRESSIVE;
				CLANG_WARN_UNREACHABLE_CODE = YES;
				CLANG_WARN__DUPLICATE_METHOD_MATCH = YES;
				CODE_SIGN_IDENTITY = "iPhone Developer";
				COPY_PHASE_STRIP = NO;
				DEBUG_INFORMATION_FORMAT = "dwarf-with-dsym";
				ENABLE_NS_ASSERTIONS = NO;
				ENABLE_STRICT_OBJC_MSGSEND = YES;
				GCC_C_LANGUAGE_STANDARD = gnu11;
				GCC_NO_COMMON_BLOCKS = YES;
				GCC_WARN_64_TO_32_BIT_CONVERSION = YES;
				GCC_WARN_ABOUT_RETURN_TYPE = YES_ERROR;
				GCC_WARN_UNDECLARED_SELECTOR = YES;
				GCC_WARN_UNINITIALIZED_AUTOS = YES_AGGRESSIVE;
				GCC_WARN_UNUSED_FUNCTION = YES;
				GCC_WARN_UNUSED_VARIABLE = YES;
				IPHONEOS_DEPLOYMENT_TARGET = 12.1;
				MTL_ENABLE_DEBUG_INFO = NO;
				MTL_FAST_MATH = YES;
				SDKROOT = iphoneos;
				SWIFT_COMPILATION_MODE = wholemodule;
				SWIFT_OPTIMIZATION_LEVEL = "-O";
				VALIDATE_PRODUCT = YES;
			};
			name = Release;
		};
		A3CEF95D21CE2423000C7938 /* Debug */ = {
			isa = XCBuildConfiguration;
			baseConfigurationReference = 79FF4C226C2AC22C260F3A43 /* Pods-Artoo.debug.xcconfig */;
			buildSettings = {
				ASSETCATALOG_COMPILER_APPICON_NAME = AppIcon;
				CODE_SIGN_STYLE = Automatic;
				INFOPLIST_FILE = Artoo/Info.plist;
				LD_RUNPATH_SEARCH_PATHS = (
					"$(inherited)",
					"@executable_path/Frameworks",
				);
				PRODUCT_BUNDLE_IDENTIFIER = jmzzang.Artoo;
				PRODUCT_NAME = "$(TARGET_NAME)";
				SWIFT_VERSION = 4.2;
				TARGETED_DEVICE_FAMILY = "1,2";
			};
			name = Debug;
		};
		A3CEF95E21CE2423000C7938 /* Release */ = {
			isa = XCBuildConfiguration;
			baseConfigurationReference = ED83EAC316788AD98FE61B6C /* Pods-Artoo.release.xcconfig */;
			buildSettings = {
				ASSETCATALOG_COMPILER_APPICON_NAME = AppIcon;
				CODE_SIGN_STYLE = Automatic;
				INFOPLIST_FILE = Artoo/Info.plist;
				LD_RUNPATH_SEARCH_PATHS = (
					"$(inherited)",
					"@executable_path/Frameworks",
				);
				PRODUCT_BUNDLE_IDENTIFIER = jmzzang.Artoo;
				PRODUCT_NAME = "$(TARGET_NAME)";
				SWIFT_VERSION = 4.2;
				TARGETED_DEVICE_FAMILY = "1,2";
			};
			name = Release;
		};
/* End XCBuildConfiguration section */

/* Begin XCConfigurationList section */
		A3CEF94521CE2421000C7938 /* Build configuration list for PBXProject "Artoo" */ = {
			isa = XCConfigurationList;
			buildConfigurations = (
				A3CEF95A21CE2423000C7938 /* Debug */,
				A3CEF95B21CE2423000C7938 /* Release */,
			);
			defaultConfigurationIsVisible = 0;
			defaultConfigurationName = Release;
		};
		A3CEF95C21CE2423000C7938 /* Build configuration list for PBXNativeTarget "Artoo" */ = {
			isa = XCConfigurationList;
			buildConfigurations = (
				A3CEF95D21CE2423000C7938 /* Debug */,
				A3CEF95E21CE2423000C7938 /* Release */,
			);
			defaultConfigurationIsVisible = 0;
			defaultConfigurationName = Release;
		};
/* End XCConfigurationList section */
	};
	rootObject = A3CEF94221CE2421000C7938 /* Project object */;
}
