// !$*UTF8*$!
{
	archiveVersion = 1;
	classes = {
	};
	objectVersion = 50;
	objects = {

/* Begin PBXBuildFile section */
		5D4607D821D3976600C787AC /* FilterViewController.swift in Sources */ = {isa = PBXBuildFile; fileRef = 5D4607D721D3976600C787AC /* FilterViewController.swift */; };
		5D4607DA21D4892000C787AC /* AllImageCell.swift in Sources */ = {isa = PBXBuildFile; fileRef = 5D4607D921D4892000C787AC /* AllImageCell.swift */; };
		5D9B7D7021D5D30A009C12D3 /* All_ArtViewController.swift in Sources */ = {isa = PBXBuildFile; fileRef = 5D9B7D6F21D5D30A009C12D3 /* All_ArtViewController.swift */; };
		5D9B7D7221D6AB2A009C12D3 /* BigImageVC.swift in Sources */ = {isa = PBXBuildFile; fileRef = 5D9B7D7121D6AB2A009C12D3 /* BigImageVC.swift */; };
		5D9B7D7421D78E38009C12D3 /* DealVC.swift in Sources */ = {isa = PBXBuildFile; fileRef = 5D9B7D7321D78E38009C12D3 /* DealVC.swift */; };
		5D9B7D7621D79676009C12D3 /* deliveryVC.swift in Sources */ = {isa = PBXBuildFile; fileRef = 5D9B7D7521D79676009C12D3 /* deliveryVC.swift */; };
		5D9B7D7821D7968A009C12D3 /* MeetVC.swift in Sources */ = {isa = PBXBuildFile; fileRef = 5D9B7D7721D7968A009C12D3 /* MeetVC.swift */; };
		5DB606CE21D4C41B00C216FD /* Pinterest.swift in Sources */ = {isa = PBXBuildFile; fileRef = 5DB606CD21D4C41B00C216FD /* Pinterest.swift */; };
		5DB606D221D4FF3600C216FD /* ArtImg.swift in Sources */ = {isa = PBXBuildFile; fileRef = 5DB606D121D4FF3600C216FD /* ArtImg.swift */; };
		5DB606D421D5286900C216FD /* BuyVC.swift in Sources */ = {isa = PBXBuildFile; fileRef = 5DB606D321D5286900C216FD /* BuyVC.swift */; };
		5DB606D621D55CB400C216FD /* Filter.swift in Sources */ = {isa = PBXBuildFile; fileRef = 5DB606D521D55CB400C216FD /* Filter.swift */; };
		A30048DB21CE4FC30042C4EF /* TodayAuthorCell.swift in Sources */ = {isa = PBXBuildFile; fileRef = A30048DA21CE4FC30042C4EF /* TodayAuthorCell.swift */; };
		A30048DD21CE4FDD0042C4EF /* TodayWorkCell.swift in Sources */ = {isa = PBXBuildFile; fileRef = A30048DC21CE4FDD0042C4EF /* TodayWorkCell.swift */; };
		A30048DF21CE50960042C4EF /* HomeTodayVC.swift in Sources */ = {isa = PBXBuildFile; fileRef = A30048DE21CE50960042C4EF /* HomeTodayVC.swift */; };
		A30048E121CE50B40042C4EF /* HomeThemeVC.swift in Sources */ = {isa = PBXBuildFile; fileRef = A30048E021CE50B40042C4EF /* HomeThemeVC.swift */; };
		A30048E321CE50CD0042C4EF /* HomeMainVC.swift in Sources */ = {isa = PBXBuildFile; fileRef = A30048E221CE50CD0042C4EF /* HomeMainVC.swift */; };
		A30048E521CE54EE0042C4EF /* Storyboard.swift in Sources */ = {isa = PBXBuildFile; fileRef = A30048E421CE54EE0042C4EF /* Storyboard.swift */; };
		A30048E721CE57F10042C4EF /* Extension.swift in Sources */ = {isa = PBXBuildFile; fileRef = A30048E621CE57F10042C4EF /* Extension.swift */; };
		A30048EC21CE63370042C4EF /* Author.swift in Sources */ = {isa = PBXBuildFile; fileRef = A30048EB21CE63370042C4EF /* Author.swift */; };
		A30048EE21CE63400042C4EF /* Work.swift in Sources */ = {isa = PBXBuildFile; fileRef = A30048ED21CE63400042C4EF /* Work.swift */; };
		A3CEF94E21CE2421000C7938 /* AppDelegate.swift in Sources */ = {isa = PBXBuildFile; fileRef = A3CEF94D21CE2421000C7938 /* AppDelegate.swift */; };
		A3CEF95321CE2422000C7938 /* Main.storyboard in Resources */ = {isa = PBXBuildFile; fileRef = A3CEF95121CE2422000C7938 /* Main.storyboard */; };
		A3CEF95521CE2423000C7938 /* Assets.xcassets in Resources */ = {isa = PBXBuildFile; fileRef = A3CEF95421CE2423000C7938 /* Assets.xcassets */; };
		A3CEF95821CE2423000C7938 /* LaunchScreen.storyboard in Resources */ = {isa = PBXBuildFile; fileRef = A3CEF95621CE2423000C7938 /* LaunchScreen.storyboard */; };
		A3CEF96021CE2A0A000C7938 /* Home.storyboard in Resources */ = {isa = PBXBuildFile; fileRef = A3CEF95F21CE2A0A000C7938 /* Home.storyboard */; };
		A3CEF96221CE2A5D000C7938 /* Art.storyboard in Resources */ = {isa = PBXBuildFile; fileRef = A3CEF96121CE2A5D000C7938 /* Art.storyboard */; };
		A3CEF96421CE2A6A000C7938 /* Mypage.storyboard in Resources */ = {isa = PBXBuildFile; fileRef = A3CEF96321CE2A6A000C7938 /* Mypage.storyboard */; };
		A3CEF96621CE2A78000C7938 /* Exhibit.storyboard in Resources */ = {isa = PBXBuildFile; fileRef = A3CEF96521CE2A78000C7938 /* Exhibit.storyboard */; };
		A3D5067321D0FC7800BB6E4C /* ThemeDetailCell.swift in Sources */ = {isa = PBXBuildFile; fileRef = A3D5067221D0FC7800BB6E4C /* ThemeDetailCell.swift */; };
		A3FCBAA621D1F1F200CB8E51 /* ExhibitVC.swift in Sources */ = {isa = PBXBuildFile; fileRef = A3FCBAA521D1F1F200CB8E51 /* ExhibitVC.swift */; };
		A3FE1B1021CF6D310073F40F /* HomeThemeCell.swift in Sources */ = {isa = PBXBuildFile; fileRef = A3FE1B0F21CF6D310073F40F /* HomeThemeCell.swift */; };
		A3FE1B1221CF6D870073F40F /* HomeThemeTCell.swift in Sources */ = {isa = PBXBuildFile; fileRef = A3FE1B1121CF6D860073F40F /* HomeThemeTCell.swift */; };
		A3FE1B1421CF706C0073F40F /* Theme.swift in Sources */ = {isa = PBXBuildFile; fileRef = A3FE1B1321CF706C0073F40F /* Theme.swift */; };
		A3FE1B1621CF73760073F40F /* ThemeImg.swift in Sources */ = {isa = PBXBuildFile; fileRef = A3FE1B1521CF73760073F40F /* ThemeImg.swift */; };
		A3FE1B1821CF801F0073F40F /* ThemeDetailVC.swift in Sources */ = {isa = PBXBuildFile; fileRef = A3FE1B1721CF801F0073F40F /* ThemeDetailVC.swift */; };
/* End PBXBuildFile section */

/* Begin PBXFileReference section */
		5D4607D721D3976600C787AC /* FilterViewController.swift */ = {isa = PBXFileReference; lastKnownFileType = sourcecode.swift; name = FilterViewController.swift; path = Artoo/VC/Art/FilterViewController.swift; sourceTree = SOURCE_ROOT; };
		5D4607D921D4892000C787AC /* AllImageCell.swift */ = {isa = PBXFileReference; lastKnownFileType = sourcecode.swift; name = AllImageCell.swift; path = Artoo/VC/Art/AllImageCell.swift; sourceTree = SOURCE_ROOT; };
		5D9B7D6F21D5D30A009C12D3 /* All_ArtViewController.swift */ = {isa = PBXFileReference; lastKnownFileType = sourcecode.swift; path = All_ArtViewController.swift; sourceTree = "<group>"; };
		5D9B7D7121D6AB2A009C12D3 /* BigImageVC.swift */ = {isa = PBXFileReference; lastKnownFileType = sourcecode.swift; name = BigImageVC.swift; path = Artoo/VC/Art/BigImageVC.swift; sourceTree = SOURCE_ROOT; };
		5D9B7D7321D78E38009C12D3 /* DealVC.swift */ = {isa = PBXFileReference; lastKnownFileType = sourcecode.swift; name = DealVC.swift; path = Artoo/VC/Art/DealVC.swift; sourceTree = SOURCE_ROOT; };
		5D9B7D7521D79676009C12D3 /* deliveryVC.swift */ = {isa = PBXFileReference; lastKnownFileType = sourcecode.swift; name = deliveryVC.swift; path = Artoo/VC/Art/deliveryVC.swift; sourceTree = SOURCE_ROOT; };
		5D9B7D7721D7968A009C12D3 /* MeetVC.swift */ = {isa = PBXFileReference; lastKnownFileType = sourcecode.swift; name = MeetVC.swift; path = Artoo/VC/Art/MeetVC.swift; sourceTree = SOURCE_ROOT; };
		5DB606CD21D4C41B00C216FD /* Pinterest.swift */ = {isa = PBXFileReference; lastKnownFileType = sourcecode.swift; name = Pinterest.swift; path = Artoo/VC/Art/Pinterest.swift; sourceTree = SOURCE_ROOT; };
		5DB606D121D4FF3600C216FD /* ArtImg.swift */ = {isa = PBXFileReference; lastKnownFileType = sourcecode.swift; name = ArtImg.swift; path = Artoo/Util/Model/ArtImg.swift; sourceTree = SOURCE_ROOT; };
		5DB606D321D5286900C216FD /* BuyVC.swift */ = {isa = PBXFileReference; lastKnownFileType = sourcecode.swift; name = BuyVC.swift; path = Artoo/VC/Art/BuyVC.swift; sourceTree = SOURCE_ROOT; };
		5DB606D521D55CB400C216FD /* Filter.swift */ = {isa = PBXFileReference; lastKnownFileType = sourcecode.swift; name = Filter.swift; path = Artoo/Util/Model/Filter.swift; sourceTree = SOURCE_ROOT; };
		A30048DA21CE4FC30042C4EF /* TodayAuthorCell.swift */ = {isa = PBXFileReference; lastKnownFileType = sourcecode.swift; path = TodayAuthorCell.swift; sourceTree = "<group>"; };
		A30048DC21CE4FDD0042C4EF /* TodayWorkCell.swift */ = {isa = PBXFileReference; lastKnownFileType = sourcecode.swift; path = TodayWorkCell.swift; sourceTree = "<group>"; };
		A30048DE21CE50960042C4EF /* HomeTodayVC.swift */ = {isa = PBXFileReference; lastKnownFileType = sourcecode.swift; path = HomeTodayVC.swift; sourceTree = "<group>"; };
		A30048E021CE50B40042C4EF /* HomeThemeVC.swift */ = {isa = PBXFileReference; lastKnownFileType = sourcecode.swift; path = HomeThemeVC.swift; sourceTree = "<group>"; };
		A30048E221CE50CD0042C4EF /* HomeMainVC.swift */ = {isa = PBXFileReference; lastKnownFileType = sourcecode.swift; path = HomeMainVC.swift; sourceTree = "<group>"; };
		A30048E421CE54EE0042C4EF /* Storyboard.swift */ = {isa = PBXFileReference; lastKnownFileType = sourcecode.swift; path = Storyboard.swift; sourceTree = "<group>"; };
		A30048E621CE57F10042C4EF /* Extension.swift */ = {isa = PBXFileReference; lastKnownFileType = sourcecode.swift; path = Extension.swift; sourceTree = "<group>"; };
		A30048EB21CE63370042C4EF /* Author.swift */ = {isa = PBXFileReference; lastKnownFileType = sourcecode.swift; path = Author.swift; sourceTree = "<group>"; };
		A30048ED21CE63400042C4EF /* Work.swift */ = {isa = PBXFileReference; lastKnownFileType = sourcecode.swift; path = Work.swift; sourceTree = "<group>"; };
		A3CEF94A21CE2421000C7938 /* Artoo.app */ = {isa = PBXFileReference; explicitFileType = wrapper.application; includeInIndex = 0; path = Artoo.app; sourceTree = BUILT_PRODUCTS_DIR; };
		A3CEF94D21CE2421000C7938 /* AppDelegate.swift */ = {isa = PBXFileReference; lastKnownFileType = sourcecode.swift; path = AppDelegate.swift; sourceTree = "<group>"; };
		A3CEF95221CE2422000C7938 /* Base */ = {isa = PBXFileReference; lastKnownFileType = file.storyboard; name = Base; path = Base.lproj/Main.storyboard; sourceTree = "<group>"; };
		A3CEF95421CE2423000C7938 /* Assets.xcassets */ = {isa = PBXFileReference; lastKnownFileType = folder.assetcatalog; path = Assets.xcassets; sourceTree = "<group>"; };
		A3CEF95721CE2423000C7938 /* Base */ = {isa = PBXFileReference; lastKnownFileType = file.storyboard; name = Base; path = Base.lproj/LaunchScreen.storyboard; sourceTree = "<group>"; };
		A3CEF95921CE2423000C7938 /* Info.plist */ = {isa = PBXFileReference; lastKnownFileType = text.plist.xml; path = Info.plist; sourceTree = "<group>"; };
		A3CEF95F21CE2A0A000C7938 /* Home.storyboard */ = {isa = PBXFileReference; lastKnownFileType = file.storyboard; path = Home.storyboard; sourceTree = "<group>"; };
		A3CEF96121CE2A5D000C7938 /* Art.storyboard */ = {isa = PBXFileReference; lastKnownFileType = file.storyboard; path = Art.storyboard; sourceTree = "<group>"; };
		A3CEF96321CE2A6A000C7938 /* Mypage.storyboard */ = {isa = PBXFileReference; lastKnownFileType = file.storyboard; path = Mypage.storyboard; sourceTree = "<group>"; };
		A3CEF96521CE2A78000C7938 /* Exhibit.storyboard */ = {isa = PBXFileReference; lastKnownFileType = file.storyboard; path = Exhibit.storyboard; sourceTree = "<group>"; };
		A3D5067221D0FC7800BB6E4C /* ThemeDetailCell.swift */ = {isa = PBXFileReference; lastKnownFileType = sourcecode.swift; path = ThemeDetailCell.swift; sourceTree = "<group>"; };
		A3FCBAA521D1F1F200CB8E51 /* ExhibitVC.swift */ = {isa = PBXFileReference; lastKnownFileType = sourcecode.swift; path = ExhibitVC.swift; sourceTree = "<group>"; };
		A3FE1B0F21CF6D310073F40F /* HomeThemeCell.swift */ = {isa = PBXFileReference; lastKnownFileType = sourcecode.swift; path = HomeThemeCell.swift; sourceTree = "<group>"; };
		A3FE1B1121CF6D860073F40F /* HomeThemeTCell.swift */ = {isa = PBXFileReference; lastKnownFileType = sourcecode.swift; path = HomeThemeTCell.swift; sourceTree = "<group>"; };
		A3FE1B1321CF706C0073F40F /* Theme.swift */ = {isa = PBXFileReference; lastKnownFileType = sourcecode.swift; path = Theme.swift; sourceTree = "<group>"; };
		A3FE1B1521CF73760073F40F /* ThemeImg.swift */ = {isa = PBXFileReference; lastKnownFileType = sourcecode.swift; path = ThemeImg.swift; sourceTree = "<group>"; };
		A3FE1B1721CF801F0073F40F /* ThemeDetailVC.swift */ = {isa = PBXFileReference; lastKnownFileType = sourcecode.swift; path = ThemeDetailVC.swift; sourceTree = "<group>"; };
/* End PBXFileReference section */

/* Begin PBXFrameworksBuildPhase section */
		A3CEF94721CE2421000C7938 /* Frameworks */ = {
			isa = PBXFrameworksBuildPhase;
			buildActionMask = 2147483647;
			files = (
			);
			runOnlyForDeploymentPostprocessing = 0;
		};
/* End PBXFrameworksBuildPhase section */

/* Begin PBXGroup section */
		A30048D621CE4F340042C4EF /* Mypage */ = {
			isa = PBXGroup;
			children = (
			);
			path = Mypage;
			sourceTree = "<group>";
		};
		A30048D721CE4F380042C4EF /* Exhibit */ = {
			isa = PBXGroup;
			children = (
				A3FCBAA521D1F1F200CB8E51 /* ExhibitVC.swift */,
			);
			path = Exhibit;
			sourceTree = "<group>";
		};
		A30048D821CE4F3B0042C4EF /* Art */ = {
			isa = PBXGroup;
			children = (
				5D9B7D6F21D5D30A009C12D3 /* All_ArtViewController.swift */,
				5DB606D321D5286900C216FD /* BuyVC.swift */,
				5D4607D721D3976600C787AC /* FilterViewController.swift */,
				5D4607D921D4892000C787AC /* AllImageCell.swift */,
				5DB606CD21D4C41B00C216FD /* Pinterest.swift */,
				5D9B7D7121D6AB2A009C12D3 /* BigImageVC.swift */,
				5D9B7D7321D78E38009C12D3 /* DealVC.swift */,
				5D9B7D7521D79676009C12D3 /* deliveryVC.swift */,
				5D9B7D7721D7968A009C12D3 /* MeetVC.swift */,
			);
			path = Art;
			sourceTree = "<group>";
		};
		A30048D921CE4F3E0042C4EF /* Home */ = {
			isa = PBXGroup;
			children = (
				A3D5067121D0FC2900BB6E4C /* Today */,
				A3D5067021D0FC2100BB6E4C /* Theme */,
				A30048E221CE50CD0042C4EF /* HomeMainVC.swift */,
			);
			path = Home;
			sourceTree = "<group>";
		};
		A30048EA21CE62E10042C4EF /* Model */ = {
			isa = PBXGroup;
			children = (
				A30048EB21CE63370042C4EF /* Author.swift */,
				A30048ED21CE63400042C4EF /* Work.swift */,
				A3FE1B1321CF706C0073F40F /* Theme.swift */,
				A3FE1B1521CF73760073F40F /* ThemeImg.swift */,
				5DB606D121D4FF3600C216FD /* ArtImg.swift */,
				5DB606D521D55CB400C216FD /* Filter.swift */,
			);
			path = Model;
			sourceTree = "<group>";
		};
		A3CEF94121CE2421000C7938 = {
			isa = PBXGroup;
			children = (
				A3CEF94C21CE2421000C7938 /* Artoo */,
				A3CEF94B21CE2421000C7938 /* Products */,
			);
			sourceTree = "<group>";
		};
		A3CEF94B21CE2421000C7938 /* Products */ = {
			isa = PBXGroup;
			children = (
				A3CEF94A21CE2421000C7938 /* Artoo.app */,
			);
			name = Products;
			sourceTree = "<group>";
		};
		A3CEF94C21CE2421000C7938 /* Artoo */ = {
			isa = PBXGroup;
			children = (
				A3CEF96921CE2E39000C7938 /* Util */,
				A3CEF96821CE2E2A000C7938 /* VC */,
				A3CEF96721CE2DF5000C7938 /* Storyboard */,
				A3CEF94D21CE2421000C7938 /* AppDelegate.swift */,
				A3CEF95421CE2423000C7938 /* Assets.xcassets */,
				A3CEF95621CE2423000C7938 /* LaunchScreen.storyboard */,
				A3CEF95921CE2423000C7938 /* Info.plist */,
			);
			path = Artoo;
			sourceTree = "<group>";
		};
		A3CEF96721CE2DF5000C7938 /* Storyboard */ = {
			isa = PBXGroup;
			children = (
				A3CEF95121CE2422000C7938 /* Main.storyboard */,
				A3CEF95F21CE2A0A000C7938 /* Home.storyboard */,
				A3CEF96121CE2A5D000C7938 /* Art.storyboard */,
				A3CEF96321CE2A6A000C7938 /* Mypage.storyboard */,
				A3CEF96521CE2A78000C7938 /* Exhibit.storyboard */,
			);
			path = Storyboard;
			sourceTree = "<group>";
		};
		A3CEF96821CE2E2A000C7938 /* VC */ = {
			isa = PBXGroup;
			children = (
				A30048D921CE4F3E0042C4EF /* Home */,
				A30048D821CE4F3B0042C4EF /* Art */,
				A30048D721CE4F380042C4EF /* Exhibit */,
				A30048D621CE4F340042C4EF /* Mypage */,
			);
			path = VC;
			sourceTree = "<group>";
		};
		A3CEF96921CE2E39000C7938 /* Util */ = {
			isa = PBXGroup;
			children = (
				A30048EA21CE62E10042C4EF /* Model */,
				A30048E421CE54EE0042C4EF /* Storyboard.swift */,
				A30048E621CE57F10042C4EF /* Extension.swift */,
			);
			path = Util;
			sourceTree = "<group>";
		};
		A3D5067021D0FC2100BB6E4C /* Theme */ = {
			isa = PBXGroup;
			children = (
				A3FE1B1121CF6D860073F40F /* HomeThemeTCell.swift */,
				A3FE1B1721CF801F0073F40F /* ThemeDetailVC.swift */,
				A3FE1B0F21CF6D310073F40F /* HomeThemeCell.swift */,
				A30048E021CE50B40042C4EF /* HomeThemeVC.swift */,
				A3D5067221D0FC7800BB6E4C /* ThemeDetailCell.swift */,
			);
			path = Theme;
			sourceTree = "<group>";
		};
		A3D5067121D0FC2900BB6E4C /* Today */ = {
			isa = PBXGroup;
			children = (
				A30048DC21CE4FDD0042C4EF /* TodayWorkCell.swift */,
				A30048DA21CE4FC30042C4EF /* TodayAuthorCell.swift */,
				A30048DE21CE50960042C4EF /* HomeTodayVC.swift */,
			);
			path = Today;
			sourceTree = "<group>";
		};
/* End PBXGroup section */

/* Begin PBXNativeTarget section */
		A3CEF94921CE2421000C7938 /* Artoo */ = {
			isa = PBXNativeTarget;
			buildConfigurationList = A3CEF95C21CE2423000C7938 /* Build configuration list for PBXNativeTarget "Artoo" */;
			buildPhases = (
				A3CEF94621CE2421000C7938 /* Sources */,
				A3CEF94721CE2421000C7938 /* Frameworks */,
				A3CEF94821CE2421000C7938 /* Resources */,
			);
			buildRules = (
			);
			dependencies = (
			);
			name = Artoo;
			productName = Artoo;
			productReference = A3CEF94A21CE2421000C7938 /* Artoo.app */;
			productType = "com.apple.product-type.application";
		};
/* End PBXNativeTarget section */

/* Begin PBXProject section */
		A3CEF94221CE2421000C7938 /* Project object */ = {
			isa = PBXProject;
			attributes = {
				LastSwiftUpdateCheck = 1010;
				LastUpgradeCheck = 1010;
				ORGANIZATIONNAME = "홍정민";
				TargetAttributes = {
					A3CEF94921CE2421000C7938 = {
						CreatedOnToolsVersion = 10.1;
					};
				};
			};
			buildConfigurationList = A3CEF94521CE2421000C7938 /* Build configuration list for PBXProject "Artoo" */;
			compatibilityVersion = "Xcode 9.3";
			developmentRegion = en;
			hasScannedForEncodings = 0;
			knownRegions = (
				en,
				Base,
			);
			mainGroup = A3CEF94121CE2421000C7938;
			productRefGroup = A3CEF94B21CE2421000C7938 /* Products */;
			projectDirPath = "";
			projectRoot = "";
			targets = (
				A3CEF94921CE2421000C7938 /* Artoo */,
			);
		};
/* End PBXProject section */

/* Begin PBXResourcesBuildPhase section */
		A3CEF94821CE2421000C7938 /* Resources */ = {
			isa = PBXResourcesBuildPhase;
			buildActionMask = 2147483647;
			files = (
				A3CEF96621CE2A78000C7938 /* Exhibit.storyboard in Resources */,
				A3CEF95821CE2423000C7938 /* LaunchScreen.storyboard in Resources */,
				A3CEF96421CE2A6A000C7938 /* Mypage.storyboard in Resources */,
				A3CEF95521CE2423000C7938 /* Assets.xcassets in Resources */,
				A3CEF96221CE2A5D000C7938 /* Art.storyboard in Resources */,
				A3CEF95321CE2422000C7938 /* Main.storyboard in Resources */,
				A3CEF96021CE2A0A000C7938 /* Home.storyboard in Resources */,
			);
			runOnlyForDeploymentPostprocessing = 0;
		};
/* End PBXResourcesBuildPhase section */

/* Begin PBXSourcesBuildPhase section */
		A3CEF94621CE2421000C7938 /* Sources */ = {
			isa = PBXSourcesBuildPhase;
			buildActionMask = 2147483647;
			files = (
				A30048E721CE57F10042C4EF /* Extension.swift in Sources */,
				A3D5067321D0FC7800BB6E4C /* ThemeDetailCell.swift in Sources */,
				A3FE1B1021CF6D310073F40F /* HomeThemeCell.swift in Sources */,
				A3FE1B1221CF6D870073F40F /* HomeThemeTCell.swift in Sources */,
				5D9B7D7021D5D30A009C12D3 /* All_ArtViewController.swift in Sources */,
				A30048EE21CE63400042C4EF /* Work.swift in Sources */,
				A30048DD21CE4FDD0042C4EF /* TodayWorkCell.swift in Sources */,
				5D9B7D7821D7968A009C12D3 /* MeetVC.swift in Sources */,
				A3CEF94E21CE2421000C7938 /* AppDelegate.swift in Sources */,
				A30048EC21CE63370042C4EF /* Author.swift in Sources */,
				A30048DF21CE50960042C4EF /* HomeTodayVC.swift in Sources */,
				5D9B7D7221D6AB2A009C12D3 /* BigImageVC.swift in Sources */,
				5D4607DA21D4892000C787AC /* AllImageCell.swift in Sources */,
				A30048E521CE54EE0042C4EF /* Storyboard.swift in Sources */,
				A30048E321CE50CD0042C4EF /* HomeMainVC.swift in Sources */,
				5D9B7D7621D79676009C12D3 /* deliveryVC.swift in Sources */,
				5DB606D621D55CB400C216FD /* Filter.swift in Sources */,
				A3FE1B1621CF73760073F40F /* ThemeImg.swift in Sources */,
				5DB606CE21D4C41B00C216FD /* Pinterest.swift in Sources */,
				5DB606D421D5286900C216FD /* BuyVC.swift in Sources */,
				5D4607D821D3976600C787AC /* FilterViewController.swift in Sources */,
				A30048DB21CE4FC30042C4EF /* TodayAuthorCell.swift in Sources */,
				A3FE1B1821CF801F0073F40F /* ThemeDetailVC.swift in Sources */,
				A30048E121CE50B40042C4EF /* HomeThemeVC.swift in Sources */,
				5D9B7D7421D78E38009C12D3 /* DealVC.swift in Sources */,
				A3FCBAA621D1F1F200CB8E51 /* ExhibitVC.swift in Sources */,
				A3FE1B1421CF706C0073F40F /* Theme.swift in Sources */,
				5DB606D221D4FF3600C216FD /* ArtImg.swift in Sources */,
			);
			runOnlyForDeploymentPostprocessing = 0;
		};
/* End PBXSourcesBuildPhase section */

/* Begin PBXVariantGroup section */
		A3CEF95121CE2422000C7938 /* Main.storyboard */ = {
			isa = PBXVariantGroup;
			children = (
				A3CEF95221CE2422000C7938 /* Base */,
			);
			name = Main.storyboard;
			sourceTree = "<group>";
		};
		A3CEF95621CE2423000C7938 /* LaunchScreen.storyboard */ = {
			isa = PBXVariantGroup;
			children = (
				A3CEF95721CE2423000C7938 /* Base */,
			);
			name = LaunchScreen.storyboard;
			sourceTree = "<group>";
		};
/* End PBXVariantGroup section */

/* Begin XCBuildConfiguration section */
		A3CEF95A21CE2423000C7938 /* Debug */ = {
			isa = XCBuildConfiguration;
			buildSettings = {
				ALWAYS_SEARCH_USER_PATHS = NO;
				CLANG_ANALYZER_NONNULL = YES;
				CLANG_ANALYZER_NUMBER_OBJECT_CONVERSION = YES_AGGRESSIVE;
				CLANG_CXX_LANGUAGE_STANDARD = "gnu++14";
				CLANG_CXX_LIBRARY = "libc++";
				CLANG_ENABLE_MODULES = YES;
				CLANG_ENABLE_OBJC_ARC = YES;
				CLANG_ENABLE_OBJC_WEAK = YES;
				CLANG_WARN_BLOCK_CAPTURE_AUTORELEASING = YES;
				CLANG_WARN_BOOL_CONVERSION = YES;
				CLANG_WARN_COMMA = YES;
				CLANG_WARN_CONSTANT_CONVERSION = YES;
				CLANG_WARN_DEPRECATED_OBJC_IMPLEMENTATIONS = YES;
				CLANG_WARN_DIRECT_OBJC_ISA_USAGE = YES_ERROR;
				CLANG_WARN_DOCUMENTATION_COMMENTS = YES;
				CLANG_WARN_EMPTY_BODY = YES;
				CLANG_WARN_ENUM_CONVERSION = YES;
				CLANG_WARN_INFINITE_RECURSION = YES;
				CLANG_WARN_INT_CONVERSION = YES;
				CLANG_WARN_NON_LITERAL_NULL_CONVERSION = YES;
				CLANG_WARN_OBJC_IMPLICIT_RETAIN_SELF = YES;
				CLANG_WARN_OBJC_LITERAL_CONVERSION = YES;
				CLANG_WARN_OBJC_ROOT_CLASS = YES_ERROR;
				CLANG_WARN_RANGE_LOOP_ANALYSIS = YES;
				CLANG_WARN_STRICT_PROTOTYPES = YES;
				CLANG_WARN_SUSPICIOUS_MOVE = YES;
				CLANG_WARN_UNGUARDED_AVAILABILITY = YES_AGGRESSIVE;
				CLANG_WARN_UNREACHABLE_CODE = YES;
				CLANG_WARN__DUPLICATE_METHOD_MATCH = YES;
				CODE_SIGN_IDENTITY = "iPhone Developer";
				COPY_PHASE_STRIP = NO;
				DEBUG_INFORMATION_FORMAT = dwarf;
				ENABLE_STRICT_OBJC_MSGSEND = YES;
				ENABLE_TESTABILITY = YES;
				GCC_C_LANGUAGE_STANDARD = gnu11;
				GCC_DYNAMIC_NO_PIC = NO;
				GCC_NO_COMMON_BLOCKS = YES;
				GCC_OPTIMIZATION_LEVEL = 0;
				GCC_PREPROCESSOR_DEFINITIONS = (
					"DEBUG=1",
					"$(inherited)",
				);
				GCC_WARN_64_TO_32_BIT_CONVERSION = YES;
				GCC_WARN_ABOUT_RETURN_TYPE = YES_ERROR;
				GCC_WARN_UNDECLARED_SELECTOR = YES;
				GCC_WARN_UNINITIALIZED_AUTOS = YES_AGGRESSIVE;
				GCC_WARN_UNUSED_FUNCTION = YES;
				GCC_WARN_UNUSED_VARIABLE = YES;
				IPHONEOS_DEPLOYMENT_TARGET = 12.1;
				MTL_ENABLE_DEBUG_INFO = INCLUDE_SOURCE;
				MTL_FAST_MATH = YES;
				ONLY_ACTIVE_ARCH = YES;
				SDKROOT = iphoneos;
				SWIFT_ACTIVE_COMPILATION_CONDITIONS = DEBUG;
				SWIFT_OPTIMIZATION_LEVEL = "-Onone";
			};
			name = Debug;
		};
		A3CEF95B21CE2423000C7938 /* Release */ = {
			isa = XCBuildConfiguration;
			buildSettings = {
				ALWAYS_SEARCH_USER_PATHS = NO;
				CLANG_ANALYZER_NONNULL = YES;
				CLANG_ANALYZER_NUMBER_OBJECT_CONVERSION = YES_AGGRESSIVE;
				CLANG_CXX_LANGUAGE_STANDARD = "gnu++14";
				CLANG_CXX_LIBRARY = "libc++";
				CLANG_ENABLE_MODULES = YES;
				CLANG_ENABLE_OBJC_ARC = YES;
				CLANG_ENABLE_OBJC_WEAK = YES;
				CLANG_WARN_BLOCK_CAPTURE_AUTORELEASING = YES;
				CLANG_WARN_BOOL_CONVERSION = YES;
				CLANG_WARN_COMMA = YES;
				CLANG_WARN_CONSTANT_CONVERSION = YES;
				CLANG_WARN_DEPRECATED_OBJC_IMPLEMENTATIONS = YES;
				CLANG_WARN_DIRECT_OBJC_ISA_USAGE = YES_ERROR;
				CLANG_WARN_DOCUMENTATION_COMMENTS = YES;
				CLANG_WARN_EMPTY_BODY = YES;
				CLANG_WARN_ENUM_CONVERSION = YES;
				CLANG_WARN_INFINITE_RECURSION = YES;
				CLANG_WARN_INT_CONVERSION = YES;
				CLANG_WARN_NON_LITERAL_NULL_CONVERSION = YES;
				CLANG_WARN_OBJC_IMPLICIT_RETAIN_SELF = YES;
				CLANG_WARN_OBJC_LITERAL_CONVERSION = YES;
				CLANG_WARN_OBJC_ROOT_CLASS = YES_ERROR;
				CLANG_WARN_RANGE_LOOP_ANALYSIS = YES;
				CLANG_WARN_STRICT_PROTOTYPES = YES;
				CLANG_WARN_SUSPICIOUS_MOVE = YES;
				CLANG_WARN_UNGUARDED_AVAILABILITY = YES_AGGRESSIVE;
				CLANG_WARN_UNREACHABLE_CODE = YES;
				CLANG_WARN__DUPLICATE_METHOD_MATCH = YES;
				CODE_SIGN_IDENTITY = "iPhone Developer";
				COPY_PHASE_STRIP = NO;
				DEBUG_INFORMATION_FORMAT = "dwarf-with-dsym";
				ENABLE_NS_ASSERTIONS = NO;
				ENABLE_STRICT_OBJC_MSGSEND = YES;
				GCC_C_LANGUAGE_STANDARD = gnu11;
				GCC_NO_COMMON_BLOCKS = YES;
				GCC_WARN_64_TO_32_BIT_CONVERSION = YES;
				GCC_WARN_ABOUT_RETURN_TYPE = YES_ERROR;
				GCC_WARN_UNDECLARED_SELECTOR = YES;
				GCC_WARN_UNINITIALIZED_AUTOS = YES_AGGRESSIVE;
				GCC_WARN_UNUSED_FUNCTION = YES;
				GCC_WARN_UNUSED_VARIABLE = YES;
				IPHONEOS_DEPLOYMENT_TARGET = 12.1;
				MTL_ENABLE_DEBUG_INFO = NO;
				MTL_FAST_MATH = YES;
				SDKROOT = iphoneos;
				SWIFT_COMPILATION_MODE = wholemodule;
				SWIFT_OPTIMIZATION_LEVEL = "-O";
				VALIDATE_PRODUCT = YES;
			};
			name = Release;
		};
		A3CEF95D21CE2423000C7938 /* Debug */ = {
			isa = XCBuildConfiguration;
			buildSettings = {
				ASSETCATALOG_COMPILER_APPICON_NAME = AppIcon;
				CODE_SIGN_STYLE = Automatic;
				INFOPLIST_FILE = Artoo/Info.plist;
				LD_RUNPATH_SEARCH_PATHS = (
					"$(inherited)",
					"@executable_path/Frameworks",
				);
				PRODUCT_BUNDLE_IDENTIFIER = jmzzang.Artoo;
				PRODUCT_NAME = "$(TARGET_NAME)";
				SWIFT_VERSION = 4.2;
				TARGETED_DEVICE_FAMILY = "1,2";
			};
			name = Debug;
		};
		A3CEF95E21CE2423000C7938 /* Release */ = {
			isa = XCBuildConfiguration;
			buildSettings = {
				ASSETCATALOG_COMPILER_APPICON_NAME = AppIcon;
				CODE_SIGN_STYLE = Automatic;
				INFOPLIST_FILE = Artoo/Info.plist;
				LD_RUNPATH_SEARCH_PATHS = (
					"$(inherited)",
					"@executable_path/Frameworks",
				);
				PRODUCT_BUNDLE_IDENTIFIER = jmzzang.Artoo;
				PRODUCT_NAME = "$(TARGET_NAME)";
				SWIFT_VERSION = 4.2;
				TARGETED_DEVICE_FAMILY = "1,2";
			};
			name = Release;
		};
/* End XCBuildConfiguration section */

/* Begin XCConfigurationList section */
		A3CEF94521CE2421000C7938 /* Build configuration list for PBXProject "Artoo" */ = {
			isa = XCConfigurationList;
			buildConfigurations = (
				A3CEF95A21CE2423000C7938 /* Debug */,
				A3CEF95B21CE2423000C7938 /* Release */,
			);
			defaultConfigurationIsVisible = 0;
			defaultConfigurationName = Release;
		};
		A3CEF95C21CE2423000C7938 /* Build configuration list for PBXNativeTarget "Artoo" */ = {
			isa = XCConfigurationList;
			buildConfigurations = (
				A3CEF95D21CE2423000C7938 /* Debug */,
				A3CEF95E21CE2423000C7938 /* Release */,
			);
			defaultConfigurationIsVisible = 0;
			defaultConfigurationName = Release;
		};
/* End XCConfigurationList section */
	};
	rootObject = A3CEF94221CE2421000C7938 /* Project object */;
}
